
Microsoft Visual Studio Solution File, Format Version 12.00
# Visual Studio Version 17
VisualStudioVersion = 17.12.35728.132
MinimumVisualStudioVersion = 10.0.40219.1
Project("{8BC9CEB8-8B4A-11D0-8D11-00A0C91BC942}") = "000_draft", "000_draft\000_draft.vcxproj", "{BD5CE8FB-684C-4772-AE43-EE080FF0000F}"
EndProject
Project("{8BC9CEB8-8B4A-11D0-8D11-00A0C91BC942}") = "003_switch", "003_switch\003_switch.vcxproj", "{88F6FD1B-9DC5-4E0D-BD58-E1BC0E97396F}"
EndProject
Project("{8BC9CEB8-8B4A-11D0-8D11-00A0C91BC942}") = "004_do_while", "004_do_while\004_do_while.vcxproj", "{E8CFDFF5-953A-49DD-8EDB-73AAC3555655}"
EndProject
Project("{8BC9CEB8-8B4A-11D0-8D11-00A0C91BC942}") = "005_break", "005_break\005_break.vcxproj", "{C46B397E-6729-47B3-89EE-4AFF6A3AA2FC}"
EndProject
Project("{8BC9CEB8-8B4A-11D0-8D11-00A0C91BC942}") = "006_continue", "006_continue\006_continue.vcxproj", "{EC6B2F38-5E20-4A90-90BF-C636D33B7504}"
EndProject
Project("{8BC9CEB8-8B4A-11D0-8D11-00A0C91BC942}") = "007_system_pause", "007_system_pause\007_system_pause.vcxproj", "{557E9CF4-FB0C-468B-9616-EDCF7B68BBA2}"
EndProject
Project("{8BC9CEB8-8B4A-11D0-8D11-00A0C91BC942}") = "008_goto", "008_goto\008_goto.vcxproj", "{9408A60D-1039-4C91-9174-913A223EF8E3}"
EndProject
Project("{8BC9CEB8-8B4A-11D0-8D11-00A0C91BC942}") = "001_setlocale", "001_setlocale\001_setlocale.vcxproj", "{C78945F4-E365-4FD0-833B-8B9458401EC8}"
EndProject
Project("{8BC9CEB8-8B4A-11D0-8D11-00A0C91BC942}") = "002_escape_sequence", "002_escape_sequence\002_escape_sequence.vcxproj", "{4DC1AF82-C921-4B23-B3DB-F7ED451B6386}"
EndProject
Project("{8BC9CEB8-8B4A-11D0-8D11-00A0C91BC942}") = "009_static_array", "009_static_array\009_static_array.vcxproj", "{74723598-B5A1-454A-B14E-D9C4BF72C0F5}"
EndProject
Project("{8BC9CEB8-8B4A-11D0-8D11-00A0C91BC942}") = "010_sizeof", "010_sizeof\010_sizeof.vcxproj", "{F296F3F9-61D3-45B0-B995-2D618C078C27}"
EndProject
Project("{8BC9CEB8-8B4A-11D0-8D11-00A0C91BC942}") = "011_rand", "011_rand\011_rand.vcxproj", "{309801F0-03F0-4D1B-B45E-2CC18367938A}"
EndProject
Project("{8BC9CEB8-8B4A-11D0-8D11-00A0C91BC942}") = "012_ctime", "012_ctime\012_ctime.vcxproj", "{922947F4-57A8-417F-95F1-0EED2B21273F}"
EndProject
Project("{8BC9CEB8-8B4A-11D0-8D11-00A0C91BC942}") = "013_unique_random_numbers", "013_unique_random_numbers\013_unique_random_numbers.vcxproj", "{CFADFF21-071A-48A1-BAD8-AE8EA2264754}"
EndProject
Project("{8BC9CEB8-8B4A-11D0-8D11-00A0C91BC942}") = "014_minimum_number", "014_minimum_number\014_minimum_number.vcxproj", "{A1DAF4A5-70A0-47CF-A649-9165DB759877}"
EndProject
Project("{8BC9CEB8-8B4A-11D0-8D11-00A0C91BC942}") = "015_two_dimensional_array", "015_two_dimensional_array\015_two_dimensional_array.vcxproj", "{E58B4EC1-2347-4B32-A246-588FAA5ACD69}"
EndProject
Project("{8BC9CEB8-8B4A-11D0-8D11-00A0C91BC942}") = "016_global_variable", "016_global_variable\016_global_variable.vcxproj", "{EAC9C5AD-6DC1-4D9D-8117-C618F2484E85}"
EndProject
Project("{8BC9CEB8-8B4A-11D0-8D11-00A0C91BC942}") = "017_default_arguments", "017_default_arguments\017_default_arguments.vcxproj", "{DBDE4DFE-569D-48B2-A016-765F45BCAB03}"
EndProject
Project("{8BC9CEB8-8B4A-11D0-8D11-00A0C91BC942}") = "018_inline", "018_inline\018_inline.vcxproj", "{6D2E6948-3814-406D-A9C6-998C24847B2A}"
EndProject
Project("{8BC9CEB8-8B4A-11D0-8D11-00A0C91BC942}") = "019_function_overloading", "019_function_overloading\019_function_overloading.vcxproj", "{4F014835-CD60-469C-B266-E6D0629795B0}"
EndProject
Project("{8BC9CEB8-8B4A-11D0-8D11-00A0C91BC942}") = "020_function_template", "020_function_template\020_function_template.vcxproj", "{7796D4DF-6260-4E91-9EE0-297BF4E19195}"
EndProject
Project("{8BC9CEB8-8B4A-11D0-8D11-00A0C91BC942}") = "021_recursion", "021_recursion\021_recursion.vcxproj", "{C36B631D-BB5D-4761-B4DD-8124AEAD8FFD}"
EndProject
Project("{8BC9CEB8-8B4A-11D0-8D11-00A0C91BC942}") = "022_pointer", "022_pointer\022_pointer.vcxproj", "{2459997E-D451-435A-BF7E-49DC45A81992}"
EndProject
Project("{8BC9CEB8-8B4A-11D0-8D11-00A0C91BC942}") = "023_reference", "023_reference\023_reference.vcxproj", "{54447A89-281B-45F7-8E9A-5331BFCE4C12}"
EndProject
Project("{8BC9CEB8-8B4A-11D0-8D11-00A0C91BC942}") = "024_new_delete", "024_new_delete\024_new_delete.vcxproj", "{96339163-E4CD-41BD-A342-DF1E721A5FCA}"
EndProject
Project("{8BC9CEB8-8B4A-11D0-8D11-00A0C91BC942}") = "025_nullptr", "025_nullptr\025_nullptr.vcxproj", "{19C3481A-270A-4A4B-91B1-70C70B5EAA04}"
EndProject
Project("{8BC9CEB8-8B4A-11D0-8D11-00A0C91BC942}") = "026_dynamic_array", "026_dynamic_array\026_dynamic_array.vcxproj", "{ECE3B505-1402-41B5-9FE3-C92FECA3E2B6}"
EndProject
Project("{8BC9CEB8-8B4A-11D0-8D11-00A0C91BC942}") = "027_two_dimensional_dynamic_array", "027_two_dimensional_dynamic_array\027_two_dimensional_dynamic_array.vcxproj", "{0823E871-CC0D-4E6B-855D-942FA03F8AFE}"
EndProject
Project("{8BC9CEB8-8B4A-11D0-8D11-00A0C91BC942}") = "028_string", "028_string\028_string.vcxproj", "{42DEBB4E-ECD1-449B-8158-EE4FB47C1CD8}"
EndProject
Project("{8BC9CEB8-8B4A-11D0-8D11-00A0C91BC942}") = "029_define", "029_define\029_define.vcxproj", "{0BB91DA5-205A-4B1B-B8F6-61E2AE1C0461}"
EndProject
Project("{8BC9CEB8-8B4A-11D0-8D11-00A0C91BC942}") = "030_ternary_operator", "030_ternary_operator\030_ternary_operator.vcxproj", "{7B762C45-E04A-405F-A488-0354AA15F3C0}"
EndProject
Project("{8BC9CEB8-8B4A-11D0-8D11-00A0C91BC942}") = "031_main_function", "031_main_function\031_main_function.vcxproj", "{54371C00-1EA0-499F-9CBB-8D27474BD8A5}"
EndProject
Project("{8BC9CEB8-8B4A-11D0-8D11-00A0C91BC942}") = "032_class", "032_class\032_class.vcxproj", "{D43AD81C-075C-439B-BC15-CF07042347F2}"
EndProject
Project("{8BC9CEB8-8B4A-11D0-8D11-00A0C91BC942}") = "033_copy_constructor", "033_copy_constructor\033_copy_constructor.vcxproj", "{8E143897-1321-4F94-BDBD-7B864D10E805}"
EndProject
Project("{8BC9CEB8-8B4A-11D0-8D11-00A0C91BC942}") = "034_operator_overloading", "034_operator_overloading\034_operator_overloading.vcxproj", "{990DBBE9-A399-4BF2-AB03-C87AA37FCF7C}"
EndProject
Project("{8BC9CEB8-8B4A-11D0-8D11-00A0C91BC942}") = "035_friend", "035_friend\035_friend.vcxproj", "{26A6C7F8-E5D1-447F-9869-A515BF0AF485}"
EndProject
Project("{8BC9CEB8-8B4A-11D0-8D11-00A0C91BC942}") = "036_static", "036_static\036_static.vcxproj", "{EE814DB6-776A-484F-839F-067ED47892EA}"
EndProject
Project("{8BC9CEB8-8B4A-11D0-8D11-00A0C91BC942}") = "037_nested_class", "037_nested_class\037_nested_class.vcxproj", "{8100B8BD-5D8B-4133-8860-25782A8378CF}"
EndProject
Project("{8BC9CEB8-8B4A-11D0-8D11-00A0C91BC942}") = "038_inheritance", "038_inheritance\038_inheritance.vcxproj", "{FE569112-DFFE-46BC-8C92-EC6BA4A0B55A}"
EndProject
Project("{8BC9CEB8-8B4A-11D0-8D11-00A0C91BC942}") = "039_virtual_override", "039_virtual_override\039_virtual_override.vcxproj", "{4ACCA290-35E9-4855-84CE-B50869CFE36E}"
EndProject
Project("{8BC9CEB8-8B4A-11D0-8D11-00A0C91BC942}") = "040_virtual_destructor", "040_virtual_destructor\040_virtual_destructor.vcxproj", "{D97015F9-71D1-4BC1-9DB0-EAA888E3A31D}"
EndProject
Project("{8BC9CEB8-8B4A-11D0-8D11-00A0C91BC942}") = "041_delegating_constructor", "041_delegating_constructor\041_delegating_constructor.vcxproj", "{025C0B07-007C-48F7-8FB0-F40513EB9D49}"
EndProject
Project("{8BC9CEB8-8B4A-11D0-8D11-00A0C91BC942}") = "042_virtual_method_call", "042_virtual_method_call\042_virtual_method_call.vcxproj", "{DD0334B8-32C3-4375-A53F-ACEA315697CA}"
EndProject
Project("{8BC9CEB8-8B4A-11D0-8D11-00A0C91BC942}") = "043_multiple_inheritance", "043_multiple_inheritance\043_multiple_inheritance.vcxproj", "{E46BBF2C-AB2C-4E1A-BA96-176C0EF20696}"
EndProject
Project("{8BC9CEB8-8B4A-11D0-8D11-00A0C91BC942}") = "044_interface", "044_interface\044_interface.vcxproj", "{7AFD1D2A-116B-4C32-83AE-32DF3E2DCA8E}"
EndProject
Project("{8BC9CEB8-8B4A-11D0-8D11-00A0C91BC942}") = "045_diamond_inheritance", "045_diamond_inheritance\045_diamond_inheritance.vcxproj", "{8160B3E8-5284-44EE-8C77-7E8318CEF18C}"
EndProject
Project("{8BC9CEB8-8B4A-11D0-8D11-00A0C91BC942}") = "046_fstream", "046_fstream\046_fstream.vcxproj", "{F6BFFEC4-CFF4-48D6-9D33-992CD23FD571}"
EndProject
Project("{8BC9CEB8-8B4A-11D0-8D11-00A0C91BC942}") = "047_fstream_object", "047_fstream_object\047_fstream_object.vcxproj", "{B68B1AB0-0A0C-4796-8162-857B635855A4}"
EndProject
Project("{8BC9CEB8-8B4A-11D0-8D11-00A0C91BC942}") = "048_fstream_universal", "048_fstream_universal\048_fstream_universal.vcxproj", "{8D3BEB86-071D-4D37-BFB1-9387C47735E0}"
EndProject
Project("{8BC9CEB8-8B4A-11D0-8D11-00A0C91BC942}") = "049_fstream_operator_overloading", "049_fstream_operator_overloading\049_fstream_operator_overloading.vcxproj", "{6AB133F7-880C-4888-BF2F-37CCA3A1BDF0}"
EndProject
Project("{8BC9CEB8-8B4A-11D0-8D11-00A0C91BC942}") = "050_try_catch", "50_try_catch\50_try_catch.vcxproj", "{07CBC95D-8C4D-4486-AF83-FAE707737EF0}"
EndProject
Project("{8BC9CEB8-8B4A-11D0-8D11-00A0C91BC942}") = "051_throw", "051_throw\051_throw.vcxproj", "{0005A83E-72CB-4CCC-AEF5-AB785990E509}"
EndProject
Project("{8BC9CEB8-8B4A-11D0-8D11-00A0C91BC942}") = "052_enum", "052_enum\052_enum.vcxproj", "{34D25A80-6C19-4DDB-9A69-08E0D054733F}"
EndProject
Project("{8BC9CEB8-8B4A-11D0-8D11-00A0C91BC942}") = "053_namespace", "053_namespace\053_namespace.vcxproj", "{FB1BBC8A-1965-489A-B807-A71D92D720BD}"
EndProject
Project("{8BC9CEB8-8B4A-11D0-8D11-00A0C91BC942}") = "054_class_template", "054_class_template\054_class_template.vcxproj", "{B522D008-FAFF-4FEA-98BC-B13EBE800D03}"
EndProject
Project("{8BC9CEB8-8B4A-11D0-8D11-00A0C91BC942}") = "055_smart_pointers", "055_smart_pointers\055_smart_pointers.vcxproj", "{44E5F581-884C-43DB-8584-6B13BA1CCF4C}"
EndProject
Project("{8BC9CEB8-8B4A-11D0-8D11-00A0C91BC942}") = "056_linked_list", "056_linked_list\056_linked_list.vcxproj", "{6060D2CA-ACA8-41B6-A0CB-C24E886C5160}"
EndProject
Project("{8BC9CEB8-8B4A-11D0-8D11-00A0C91BC942}") = "057_binary_tree", "057_binary_tree\057_binary_tree.vcxproj", "{6DF86740-4DFB-4926-B092-0641F4712812}"
EndProject
Project("{8BC9CEB8-8B4A-11D0-8D11-00A0C91BC942}") = "058_stack", "058_stack\058_stack.vcxproj", "{A4F035AF-7A78-49EF-8BBF-274E49C1C6AE}"
EndProject
Project("{8BC9CEB8-8B4A-11D0-8D11-00A0C91BC942}") = "059_queue", "059_queue\059_queue.vcxproj", "{C97AA982-989F-4310-9C00-718AF744CADA}"
EndProject
Project("{8BC9CEB8-8B4A-11D0-8D11-00A0C91BC942}") = "060_deque", "060_deque\060_deque.vcxproj", "{F2099EF9-2150-4361-BA01-6DF34D424832}"
EndProject
Project("{8BC9CEB8-8B4A-11D0-8D11-00A0C91BC942}") = "061_vector", "061_vector\061_vector.vcxproj", "{AA5FAF21-B20C-4905-931D-677633FC0744}"
EndProject
Project("{8BC9CEB8-8B4A-11D0-8D11-00A0C91BC942}") = "062_iterators", "062_iterators\062_iterators.vcxproj", "{60366168-4137-4776-A4A9-22F43C83F86D}"
EndProject
Project("{8BC9CEB8-8B4A-11D0-8D11-00A0C91BC942}") = "063_auto", "063_auto\063_auto.vcxproj", "{FEFEE146-FAC0-40F1-BE31-5EC0AE50044F}"
EndProject
Project("{8BC9CEB8-8B4A-11D0-8D11-00A0C91BC942}") = "064_list", "064_list\064_list.vcxproj", "{FB6F805A-77E7-4ED0-A33A-6080EEAA90A4}"
EndProject
Project("{8BC9CEB8-8B4A-11D0-8D11-00A0C91BC942}") = "065_for_each", "065_for_each\065_for_each.vcxproj", "{4F2F085F-B1A9-49F9-9363-7E027A16E4FA}"
EndProject
Project("{8BC9CEB8-8B4A-11D0-8D11-00A0C91BC942}") = "066_forward_list", "066_forward_list\066_forward_list.vcxproj", "{D28FE9FC-94D2-46A1-B789-6C7BBF834AEA}"
EndProject
Project("{8BC9CEB8-8B4A-11D0-8D11-00A0C91BC942}") = "067_array", "067_array\067_array.vcxproj", "{4AFF4000-1D62-4013-86AA-64784D9E72A0}"
EndProject
Project("{8BC9CEB8-8B4A-11D0-8D11-00A0C91BC942}") = "068_deque", "068_deque\068_deque.vcxproj", "{F0EF1E74-DFAE-4446-9DDC-2B109E2DC524}"
EndProject
Project("{8BC9CEB8-8B4A-11D0-8D11-00A0C91BC942}") = "069_set_multiset", "069_set_multiset\069_set_multiset.vcxproj", "{BF361D9D-7F10-43AE-820B-6AE5E20AC274}"
EndProject
Project("{8BC9CEB8-8B4A-11D0-8D11-00A0C91BC942}") = "070_typedef", "070_typedef\070_typedef.vcxproj", "{717557FB-0DA2-4441-A539-A34C5076931A}"
EndProject
Project("{8BC9CEB8-8B4A-11D0-8D11-00A0C91BC942}") = "071_map_multimap", "71_map_multimap\71_map_multimap.vcxproj", "{7E5271CF-0E60-45CA-B087-FAAE41887FBA}"
EndProject
Project("{8BC9CEB8-8B4A-11D0-8D11-00A0C91BC942}") = "072_thread", "072_thread\072_thread.vcxproj", "{C1E27687-2B22-4E9D-A17B-7989CF253696}"
EndProject
Project("{8BC9CEB8-8B4A-11D0-8D11-00A0C91BC942}") = "073_stack", "073_stack\073_stack.vcxproj", "{443ECE09-BA55-49B4-A406-40D38A14ACA2}"
EndProject
Project("{8BC9CEB8-8B4A-11D0-8D11-00A0C91BC942}") = "074_thread", "074_thread\074_thread.vcxproj", "{23FAC527-8E93-44C5-B416-C65425CFDA1F}"
EndProject
Global
	GlobalSection(SolutionConfigurationPlatforms) = preSolution
		Debug|x64 = Debug|x64
		Debug|x86 = Debug|x86
		Release|x64 = Release|x64
		Release|x86 = Release|x86
	EndGlobalSection
	GlobalSection(ProjectConfigurationPlatforms) = postSolution
		{BD5CE8FB-684C-4772-AE43-EE080FF0000F}.Debug|x64.ActiveCfg = Debug|x64
		{BD5CE8FB-684C-4772-AE43-EE080FF0000F}.Debug|x64.Build.0 = Debug|x64
		{BD5CE8FB-684C-4772-AE43-EE080FF0000F}.Debug|x86.ActiveCfg = Debug|Win32
		{BD5CE8FB-684C-4772-AE43-EE080FF0000F}.Debug|x86.Build.0 = Debug|Win32
		{BD5CE8FB-684C-4772-AE43-EE080FF0000F}.Release|x64.ActiveCfg = Release|x64
		{BD5CE8FB-684C-4772-AE43-EE080FF0000F}.Release|x64.Build.0 = Release|x64
		{BD5CE8FB-684C-4772-AE43-EE080FF0000F}.Release|x86.ActiveCfg = Release|Win32
		{BD5CE8FB-684C-4772-AE43-EE080FF0000F}.Release|x86.Build.0 = Release|Win32
		{88F6FD1B-9DC5-4E0D-BD58-E1BC0E97396F}.Debug|x64.ActiveCfg = Debug|x64
		{88F6FD1B-9DC5-4E0D-BD58-E1BC0E97396F}.Debug|x64.Build.0 = Debug|x64
		{88F6FD1B-9DC5-4E0D-BD58-E1BC0E97396F}.Debug|x86.ActiveCfg = Debug|Win32
		{88F6FD1B-9DC5-4E0D-BD58-E1BC0E97396F}.Debug|x86.Build.0 = Debug|Win32
		{88F6FD1B-9DC5-4E0D-BD58-E1BC0E97396F}.Release|x64.ActiveCfg = Release|x64
		{88F6FD1B-9DC5-4E0D-BD58-E1BC0E97396F}.Release|x64.Build.0 = Release|x64
		{88F6FD1B-9DC5-4E0D-BD58-E1BC0E97396F}.Release|x86.ActiveCfg = Release|Win32
		{88F6FD1B-9DC5-4E0D-BD58-E1BC0E97396F}.Release|x86.Build.0 = Release|Win32
		{E8CFDFF5-953A-49DD-8EDB-73AAC3555655}.Debug|x64.ActiveCfg = Debug|x64
		{E8CFDFF5-953A-49DD-8EDB-73AAC3555655}.Debug|x64.Build.0 = Debug|x64
		{E8CFDFF5-953A-49DD-8EDB-73AAC3555655}.Debug|x86.ActiveCfg = Debug|Win32
		{E8CFDFF5-953A-49DD-8EDB-73AAC3555655}.Debug|x86.Build.0 = Debug|Win32
		{E8CFDFF5-953A-49DD-8EDB-73AAC3555655}.Release|x64.ActiveCfg = Release|x64
		{E8CFDFF5-953A-49DD-8EDB-73AAC3555655}.Release|x64.Build.0 = Release|x64
		{E8CFDFF5-953A-49DD-8EDB-73AAC3555655}.Release|x86.ActiveCfg = Release|Win32
		{E8CFDFF5-953A-49DD-8EDB-73AAC3555655}.Release|x86.Build.0 = Release|Win32
		{C46B397E-6729-47B3-89EE-4AFF6A3AA2FC}.Debug|x64.ActiveCfg = Debug|x64
		{C46B397E-6729-47B3-89EE-4AFF6A3AA2FC}.Debug|x64.Build.0 = Debug|x64
		{C46B397E-6729-47B3-89EE-4AFF6A3AA2FC}.Debug|x86.ActiveCfg = Debug|Win32
		{C46B397E-6729-47B3-89EE-4AFF6A3AA2FC}.Debug|x86.Build.0 = Debug|Win32
		{C46B397E-6729-47B3-89EE-4AFF6A3AA2FC}.Release|x64.ActiveCfg = Release|x64
		{C46B397E-6729-47B3-89EE-4AFF6A3AA2FC}.Release|x64.Build.0 = Release|x64
		{C46B397E-6729-47B3-89EE-4AFF6A3AA2FC}.Release|x86.ActiveCfg = Release|Win32
		{C46B397E-6729-47B3-89EE-4AFF6A3AA2FC}.Release|x86.Build.0 = Release|Win32
		{EC6B2F38-5E20-4A90-90BF-C636D33B7504}.Debug|x64.ActiveCfg = Debug|x64
		{EC6B2F38-5E20-4A90-90BF-C636D33B7504}.Debug|x64.Build.0 = Debug|x64
		{EC6B2F38-5E20-4A90-90BF-C636D33B7504}.Debug|x86.ActiveCfg = Debug|Win32
		{EC6B2F38-5E20-4A90-90BF-C636D33B7504}.Debug|x86.Build.0 = Debug|Win32
		{EC6B2F38-5E20-4A90-90BF-C636D33B7504}.Release|x64.ActiveCfg = Release|x64
		{EC6B2F38-5E20-4A90-90BF-C636D33B7504}.Release|x64.Build.0 = Release|x64
		{EC6B2F38-5E20-4A90-90BF-C636D33B7504}.Release|x86.ActiveCfg = Release|Win32
		{EC6B2F38-5E20-4A90-90BF-C636D33B7504}.Release|x86.Build.0 = Release|Win32
		{557E9CF4-FB0C-468B-9616-EDCF7B68BBA2}.Debug|x64.ActiveCfg = Debug|x64
		{557E9CF4-FB0C-468B-9616-EDCF7B68BBA2}.Debug|x64.Build.0 = Debug|x64
		{557E9CF4-FB0C-468B-9616-EDCF7B68BBA2}.Debug|x86.ActiveCfg = Debug|Win32
		{557E9CF4-FB0C-468B-9616-EDCF7B68BBA2}.Debug|x86.Build.0 = Debug|Win32
		{557E9CF4-FB0C-468B-9616-EDCF7B68BBA2}.Release|x64.ActiveCfg = Release|x64
		{557E9CF4-FB0C-468B-9616-EDCF7B68BBA2}.Release|x64.Build.0 = Release|x64
		{557E9CF4-FB0C-468B-9616-EDCF7B68BBA2}.Release|x86.ActiveCfg = Release|Win32
		{557E9CF4-FB0C-468B-9616-EDCF7B68BBA2}.Release|x86.Build.0 = Release|Win32
		{9408A60D-1039-4C91-9174-913A223EF8E3}.Debug|x64.ActiveCfg = Debug|x64
		{9408A60D-1039-4C91-9174-913A223EF8E3}.Debug|x64.Build.0 = Debug|x64
		{9408A60D-1039-4C91-9174-913A223EF8E3}.Debug|x86.ActiveCfg = Debug|Win32
		{9408A60D-1039-4C91-9174-913A223EF8E3}.Debug|x86.Build.0 = Debug|Win32
		{9408A60D-1039-4C91-9174-913A223EF8E3}.Release|x64.ActiveCfg = Release|x64
		{9408A60D-1039-4C91-9174-913A223EF8E3}.Release|x64.Build.0 = Release|x64
		{9408A60D-1039-4C91-9174-913A223EF8E3}.Release|x86.ActiveCfg = Release|Win32
		{9408A60D-1039-4C91-9174-913A223EF8E3}.Release|x86.Build.0 = Release|Win32
		{C78945F4-E365-4FD0-833B-8B9458401EC8}.Debug|x64.ActiveCfg = Debug|x64
		{C78945F4-E365-4FD0-833B-8B9458401EC8}.Debug|x64.Build.0 = Debug|x64
		{C78945F4-E365-4FD0-833B-8B9458401EC8}.Debug|x86.ActiveCfg = Debug|Win32
		{C78945F4-E365-4FD0-833B-8B9458401EC8}.Debug|x86.Build.0 = Debug|Win32
		{C78945F4-E365-4FD0-833B-8B9458401EC8}.Release|x64.ActiveCfg = Release|x64
		{C78945F4-E365-4FD0-833B-8B9458401EC8}.Release|x64.Build.0 = Release|x64
		{C78945F4-E365-4FD0-833B-8B9458401EC8}.Release|x86.ActiveCfg = Release|Win32
		{C78945F4-E365-4FD0-833B-8B9458401EC8}.Release|x86.Build.0 = Release|Win32
		{4DC1AF82-C921-4B23-B3DB-F7ED451B6386}.Debug|x64.ActiveCfg = Debug|x64
		{4DC1AF82-C921-4B23-B3DB-F7ED451B6386}.Debug|x64.Build.0 = Debug|x64
		{4DC1AF82-C921-4B23-B3DB-F7ED451B6386}.Debug|x86.ActiveCfg = Debug|Win32
		{4DC1AF82-C921-4B23-B3DB-F7ED451B6386}.Debug|x86.Build.0 = Debug|Win32
		{4DC1AF82-C921-4B23-B3DB-F7ED451B6386}.Release|x64.ActiveCfg = Release|x64
		{4DC1AF82-C921-4B23-B3DB-F7ED451B6386}.Release|x64.Build.0 = Release|x64
		{4DC1AF82-C921-4B23-B3DB-F7ED451B6386}.Release|x86.ActiveCfg = Release|Win32
		{4DC1AF82-C921-4B23-B3DB-F7ED451B6386}.Release|x86.Build.0 = Release|Win32
		{74723598-B5A1-454A-B14E-D9C4BF72C0F5}.Debug|x64.ActiveCfg = Debug|x64
		{74723598-B5A1-454A-B14E-D9C4BF72C0F5}.Debug|x64.Build.0 = Debug|x64
		{74723598-B5A1-454A-B14E-D9C4BF72C0F5}.Debug|x86.ActiveCfg = Debug|Win32
		{74723598-B5A1-454A-B14E-D9C4BF72C0F5}.Debug|x86.Build.0 = Debug|Win32
		{74723598-B5A1-454A-B14E-D9C4BF72C0F5}.Release|x64.ActiveCfg = Release|x64
		{74723598-B5A1-454A-B14E-D9C4BF72C0F5}.Release|x64.Build.0 = Release|x64
		{74723598-B5A1-454A-B14E-D9C4BF72C0F5}.Release|x86.ActiveCfg = Release|Win32
		{74723598-B5A1-454A-B14E-D9C4BF72C0F5}.Release|x86.Build.0 = Release|Win32
		{F296F3F9-61D3-45B0-B995-2D618C078C27}.Debug|x64.ActiveCfg = Debug|x64
		{F296F3F9-61D3-45B0-B995-2D618C078C27}.Debug|x64.Build.0 = Debug|x64
		{F296F3F9-61D3-45B0-B995-2D618C078C27}.Debug|x86.ActiveCfg = Debug|Win32
		{F296F3F9-61D3-45B0-B995-2D618C078C27}.Debug|x86.Build.0 = Debug|Win32
		{F296F3F9-61D3-45B0-B995-2D618C078C27}.Release|x64.ActiveCfg = Release|x64
		{F296F3F9-61D3-45B0-B995-2D618C078C27}.Release|x64.Build.0 = Release|x64
		{F296F3F9-61D3-45B0-B995-2D618C078C27}.Release|x86.ActiveCfg = Release|Win32
		{F296F3F9-61D3-45B0-B995-2D618C078C27}.Release|x86.Build.0 = Release|Win32
		{309801F0-03F0-4D1B-B45E-2CC18367938A}.Debug|x64.ActiveCfg = Debug|x64
		{309801F0-03F0-4D1B-B45E-2CC18367938A}.Debug|x64.Build.0 = Debug|x64
		{309801F0-03F0-4D1B-B45E-2CC18367938A}.Debug|x86.ActiveCfg = Debug|Win32
		{309801F0-03F0-4D1B-B45E-2CC18367938A}.Debug|x86.Build.0 = Debug|Win32
		{309801F0-03F0-4D1B-B45E-2CC18367938A}.Release|x64.ActiveCfg = Release|x64
		{309801F0-03F0-4D1B-B45E-2CC18367938A}.Release|x64.Build.0 = Release|x64
		{309801F0-03F0-4D1B-B45E-2CC18367938A}.Release|x86.ActiveCfg = Release|Win32
		{309801F0-03F0-4D1B-B45E-2CC18367938A}.Release|x86.Build.0 = Release|Win32
		{922947F4-57A8-417F-95F1-0EED2B21273F}.Debug|x64.ActiveCfg = Debug|x64
		{922947F4-57A8-417F-95F1-0EED2B21273F}.Debug|x64.Build.0 = Debug|x64
		{922947F4-57A8-417F-95F1-0EED2B21273F}.Debug|x86.ActiveCfg = Debug|Win32
		{922947F4-57A8-417F-95F1-0EED2B21273F}.Debug|x86.Build.0 = Debug|Win32
		{922947F4-57A8-417F-95F1-0EED2B21273F}.Release|x64.ActiveCfg = Release|x64
		{922947F4-57A8-417F-95F1-0EED2B21273F}.Release|x64.Build.0 = Release|x64
		{922947F4-57A8-417F-95F1-0EED2B21273F}.Release|x86.ActiveCfg = Release|Win32
		{922947F4-57A8-417F-95F1-0EED2B21273F}.Release|x86.Build.0 = Release|Win32
		{CFADFF21-071A-48A1-BAD8-AE8EA2264754}.Debug|x64.ActiveCfg = Debug|x64
		{CFADFF21-071A-48A1-BAD8-AE8EA2264754}.Debug|x64.Build.0 = Debug|x64
		{CFADFF21-071A-48A1-BAD8-AE8EA2264754}.Debug|x86.ActiveCfg = Debug|Win32
		{CFADFF21-071A-48A1-BAD8-AE8EA2264754}.Debug|x86.Build.0 = Debug|Win32
		{CFADFF21-071A-48A1-BAD8-AE8EA2264754}.Release|x64.ActiveCfg = Release|x64
		{CFADFF21-071A-48A1-BAD8-AE8EA2264754}.Release|x64.Build.0 = Release|x64
		{CFADFF21-071A-48A1-BAD8-AE8EA2264754}.Release|x86.ActiveCfg = Release|Win32
		{CFADFF21-071A-48A1-BAD8-AE8EA2264754}.Release|x86.Build.0 = Release|Win32
		{A1DAF4A5-70A0-47CF-A649-9165DB759877}.Debug|x64.ActiveCfg = Debug|x64
		{A1DAF4A5-70A0-47CF-A649-9165DB759877}.Debug|x64.Build.0 = Debug|x64
		{A1DAF4A5-70A0-47CF-A649-9165DB759877}.Debug|x86.ActiveCfg = Debug|Win32
		{A1DAF4A5-70A0-47CF-A649-9165DB759877}.Debug|x86.Build.0 = Debug|Win32
		{A1DAF4A5-70A0-47CF-A649-9165DB759877}.Release|x64.ActiveCfg = Release|x64
		{A1DAF4A5-70A0-47CF-A649-9165DB759877}.Release|x64.Build.0 = Release|x64
		{A1DAF4A5-70A0-47CF-A649-9165DB759877}.Release|x86.ActiveCfg = Release|Win32
		{A1DAF4A5-70A0-47CF-A649-9165DB759877}.Release|x86.Build.0 = Release|Win32
		{E58B4EC1-2347-4B32-A246-588FAA5ACD69}.Debug|x64.ActiveCfg = Debug|x64
		{E58B4EC1-2347-4B32-A246-588FAA5ACD69}.Debug|x64.Build.0 = Debug|x64
		{E58B4EC1-2347-4B32-A246-588FAA5ACD69}.Debug|x86.ActiveCfg = Debug|Win32
		{E58B4EC1-2347-4B32-A246-588FAA5ACD69}.Debug|x86.Build.0 = Debug|Win32
		{E58B4EC1-2347-4B32-A246-588FAA5ACD69}.Release|x64.ActiveCfg = Release|x64
		{E58B4EC1-2347-4B32-A246-588FAA5ACD69}.Release|x64.Build.0 = Release|x64
		{E58B4EC1-2347-4B32-A246-588FAA5ACD69}.Release|x86.ActiveCfg = Release|Win32
		{E58B4EC1-2347-4B32-A246-588FAA5ACD69}.Release|x86.Build.0 = Release|Win32
		{EAC9C5AD-6DC1-4D9D-8117-C618F2484E85}.Debug|x64.ActiveCfg = Debug|x64
		{EAC9C5AD-6DC1-4D9D-8117-C618F2484E85}.Debug|x64.Build.0 = Debug|x64
		{EAC9C5AD-6DC1-4D9D-8117-C618F2484E85}.Debug|x86.ActiveCfg = Debug|Win32
		{EAC9C5AD-6DC1-4D9D-8117-C618F2484E85}.Debug|x86.Build.0 = Debug|Win32
		{EAC9C5AD-6DC1-4D9D-8117-C618F2484E85}.Release|x64.ActiveCfg = Release|x64
		{EAC9C5AD-6DC1-4D9D-8117-C618F2484E85}.Release|x64.Build.0 = Release|x64
		{EAC9C5AD-6DC1-4D9D-8117-C618F2484E85}.Release|x86.ActiveCfg = Release|Win32
		{EAC9C5AD-6DC1-4D9D-8117-C618F2484E85}.Release|x86.Build.0 = Release|Win32
		{DBDE4DFE-569D-48B2-A016-765F45BCAB03}.Debug|x64.ActiveCfg = Debug|x64
		{DBDE4DFE-569D-48B2-A016-765F45BCAB03}.Debug|x64.Build.0 = Debug|x64
		{DBDE4DFE-569D-48B2-A016-765F45BCAB03}.Debug|x86.ActiveCfg = Debug|Win32
		{DBDE4DFE-569D-48B2-A016-765F45BCAB03}.Debug|x86.Build.0 = Debug|Win32
		{DBDE4DFE-569D-48B2-A016-765F45BCAB03}.Release|x64.ActiveCfg = Release|x64
		{DBDE4DFE-569D-48B2-A016-765F45BCAB03}.Release|x64.Build.0 = Release|x64
		{DBDE4DFE-569D-48B2-A016-765F45BCAB03}.Release|x86.ActiveCfg = Release|Win32
		{DBDE4DFE-569D-48B2-A016-765F45BCAB03}.Release|x86.Build.0 = Release|Win32
		{6D2E6948-3814-406D-A9C6-998C24847B2A}.Debug|x64.ActiveCfg = Debug|x64
		{6D2E6948-3814-406D-A9C6-998C24847B2A}.Debug|x64.Build.0 = Debug|x64
		{6D2E6948-3814-406D-A9C6-998C24847B2A}.Debug|x86.ActiveCfg = Debug|Win32
		{6D2E6948-3814-406D-A9C6-998C24847B2A}.Debug|x86.Build.0 = Debug|Win32
		{6D2E6948-3814-406D-A9C6-998C24847B2A}.Release|x64.ActiveCfg = Release|x64
		{6D2E6948-3814-406D-A9C6-998C24847B2A}.Release|x64.Build.0 = Release|x64
		{6D2E6948-3814-406D-A9C6-998C24847B2A}.Release|x86.ActiveCfg = Release|Win32
		{6D2E6948-3814-406D-A9C6-998C24847B2A}.Release|x86.Build.0 = Release|Win32
		{4F014835-CD60-469C-B266-E6D0629795B0}.Debug|x64.ActiveCfg = Debug|x64
		{4F014835-CD60-469C-B266-E6D0629795B0}.Debug|x64.Build.0 = Debug|x64
		{4F014835-CD60-469C-B266-E6D0629795B0}.Debug|x86.ActiveCfg = Debug|Win32
		{4F014835-CD60-469C-B266-E6D0629795B0}.Debug|x86.Build.0 = Debug|Win32
		{4F014835-CD60-469C-B266-E6D0629795B0}.Release|x64.ActiveCfg = Release|x64
		{4F014835-CD60-469C-B266-E6D0629795B0}.Release|x64.Build.0 = Release|x64
		{4F014835-CD60-469C-B266-E6D0629795B0}.Release|x86.ActiveCfg = Release|Win32
		{4F014835-CD60-469C-B266-E6D0629795B0}.Release|x86.Build.0 = Release|Win32
		{7796D4DF-6260-4E91-9EE0-297BF4E19195}.Debug|x64.ActiveCfg = Debug|x64
		{7796D4DF-6260-4E91-9EE0-297BF4E19195}.Debug|x64.Build.0 = Debug|x64
		{7796D4DF-6260-4E91-9EE0-297BF4E19195}.Debug|x86.ActiveCfg = Debug|Win32
		{7796D4DF-6260-4E91-9EE0-297BF4E19195}.Debug|x86.Build.0 = Debug|Win32
		{7796D4DF-6260-4E91-9EE0-297BF4E19195}.Release|x64.ActiveCfg = Release|x64
		{7796D4DF-6260-4E91-9EE0-297BF4E19195}.Release|x64.Build.0 = Release|x64
		{7796D4DF-6260-4E91-9EE0-297BF4E19195}.Release|x86.ActiveCfg = Release|Win32
		{7796D4DF-6260-4E91-9EE0-297BF4E19195}.Release|x86.Build.0 = Release|Win32
		{C36B631D-BB5D-4761-B4DD-8124AEAD8FFD}.Debug|x64.ActiveCfg = Debug|x64
		{C36B631D-BB5D-4761-B4DD-8124AEAD8FFD}.Debug|x64.Build.0 = Debug|x64
		{C36B631D-BB5D-4761-B4DD-8124AEAD8FFD}.Debug|x86.ActiveCfg = Debug|Win32
		{C36B631D-BB5D-4761-B4DD-8124AEAD8FFD}.Debug|x86.Build.0 = Debug|Win32
		{C36B631D-BB5D-4761-B4DD-8124AEAD8FFD}.Release|x64.ActiveCfg = Release|x64
		{C36B631D-BB5D-4761-B4DD-8124AEAD8FFD}.Release|x64.Build.0 = Release|x64
		{C36B631D-BB5D-4761-B4DD-8124AEAD8FFD}.Release|x86.ActiveCfg = Release|Win32
		{C36B631D-BB5D-4761-B4DD-8124AEAD8FFD}.Release|x86.Build.0 = Release|Win32
		{2459997E-D451-435A-BF7E-49DC45A81992}.Debug|x64.ActiveCfg = Debug|x64
		{2459997E-D451-435A-BF7E-49DC45A81992}.Debug|x64.Build.0 = Debug|x64
		{2459997E-D451-435A-BF7E-49DC45A81992}.Debug|x86.ActiveCfg = Debug|Win32
		{2459997E-D451-435A-BF7E-49DC45A81992}.Debug|x86.Build.0 = Debug|Win32
		{2459997E-D451-435A-BF7E-49DC45A81992}.Release|x64.ActiveCfg = Release|x64
		{2459997E-D451-435A-BF7E-49DC45A81992}.Release|x64.Build.0 = Release|x64
		{2459997E-D451-435A-BF7E-49DC45A81992}.Release|x86.ActiveCfg = Release|Win32
		{2459997E-D451-435A-BF7E-49DC45A81992}.Release|x86.Build.0 = Release|Win32
		{54447A89-281B-45F7-8E9A-5331BFCE4C12}.Debug|x64.ActiveCfg = Debug|x64
		{54447A89-281B-45F7-8E9A-5331BFCE4C12}.Debug|x64.Build.0 = Debug|x64
		{54447A89-281B-45F7-8E9A-5331BFCE4C12}.Debug|x86.ActiveCfg = Debug|Win32
		{54447A89-281B-45F7-8E9A-5331BFCE4C12}.Debug|x86.Build.0 = Debug|Win32
		{54447A89-281B-45F7-8E9A-5331BFCE4C12}.Release|x64.ActiveCfg = Release|x64
		{54447A89-281B-45F7-8E9A-5331BFCE4C12}.Release|x64.Build.0 = Release|x64
		{54447A89-281B-45F7-8E9A-5331BFCE4C12}.Release|x86.ActiveCfg = Release|Win32
		{54447A89-281B-45F7-8E9A-5331BFCE4C12}.Release|x86.Build.0 = Release|Win32
		{96339163-E4CD-41BD-A342-DF1E721A5FCA}.Debug|x64.ActiveCfg = Debug|x64
		{96339163-E4CD-41BD-A342-DF1E721A5FCA}.Debug|x64.Build.0 = Debug|x64
		{96339163-E4CD-41BD-A342-DF1E721A5FCA}.Debug|x86.ActiveCfg = Debug|Win32
		{96339163-E4CD-41BD-A342-DF1E721A5FCA}.Debug|x86.Build.0 = Debug|Win32
		{96339163-E4CD-41BD-A342-DF1E721A5FCA}.Release|x64.ActiveCfg = Release|x64
		{96339163-E4CD-41BD-A342-DF1E721A5FCA}.Release|x64.Build.0 = Release|x64
		{96339163-E4CD-41BD-A342-DF1E721A5FCA}.Release|x86.ActiveCfg = Release|Win32
		{96339163-E4CD-41BD-A342-DF1E721A5FCA}.Release|x86.Build.0 = Release|Win32
		{19C3481A-270A-4A4B-91B1-70C70B5EAA04}.Debug|x64.ActiveCfg = Debug|x64
		{19C3481A-270A-4A4B-91B1-70C70B5EAA04}.Debug|x64.Build.0 = Debug|x64
		{19C3481A-270A-4A4B-91B1-70C70B5EAA04}.Debug|x86.ActiveCfg = Debug|Win32
		{19C3481A-270A-4A4B-91B1-70C70B5EAA04}.Debug|x86.Build.0 = Debug|Win32
		{19C3481A-270A-4A4B-91B1-70C70B5EAA04}.Release|x64.ActiveCfg = Release|x64
		{19C3481A-270A-4A4B-91B1-70C70B5EAA04}.Release|x64.Build.0 = Release|x64
		{19C3481A-270A-4A4B-91B1-70C70B5EAA04}.Release|x86.ActiveCfg = Release|Win32
		{19C3481A-270A-4A4B-91B1-70C70B5EAA04}.Release|x86.Build.0 = Release|Win32
		{ECE3B505-1402-41B5-9FE3-C92FECA3E2B6}.Debug|x64.ActiveCfg = Debug|x64
		{ECE3B505-1402-41B5-9FE3-C92FECA3E2B6}.Debug|x64.Build.0 = Debug|x64
		{ECE3B505-1402-41B5-9FE3-C92FECA3E2B6}.Debug|x86.ActiveCfg = Debug|Win32
		{ECE3B505-1402-41B5-9FE3-C92FECA3E2B6}.Debug|x86.Build.0 = Debug|Win32
		{ECE3B505-1402-41B5-9FE3-C92FECA3E2B6}.Release|x64.ActiveCfg = Release|x64
		{ECE3B505-1402-41B5-9FE3-C92FECA3E2B6}.Release|x64.Build.0 = Release|x64
		{ECE3B505-1402-41B5-9FE3-C92FECA3E2B6}.Release|x86.ActiveCfg = Release|Win32
		{ECE3B505-1402-41B5-9FE3-C92FECA3E2B6}.Release|x86.Build.0 = Release|Win32
		{0823E871-CC0D-4E6B-855D-942FA03F8AFE}.Debug|x64.ActiveCfg = Debug|x64
		{0823E871-CC0D-4E6B-855D-942FA03F8AFE}.Debug|x64.Build.0 = Debug|x64
		{0823E871-CC0D-4E6B-855D-942FA03F8AFE}.Debug|x86.ActiveCfg = Debug|Win32
		{0823E871-CC0D-4E6B-855D-942FA03F8AFE}.Debug|x86.Build.0 = Debug|Win32
		{0823E871-CC0D-4E6B-855D-942FA03F8AFE}.Release|x64.ActiveCfg = Release|x64
		{0823E871-CC0D-4E6B-855D-942FA03F8AFE}.Release|x64.Build.0 = Release|x64
		{0823E871-CC0D-4E6B-855D-942FA03F8AFE}.Release|x86.ActiveCfg = Release|Win32
		{0823E871-CC0D-4E6B-855D-942FA03F8AFE}.Release|x86.Build.0 = Release|Win32
		{42DEBB4E-ECD1-449B-8158-EE4FB47C1CD8}.Debug|x64.ActiveCfg = Debug|x64
		{42DEBB4E-ECD1-449B-8158-EE4FB47C1CD8}.Debug|x64.Build.0 = Debug|x64
		{42DEBB4E-ECD1-449B-8158-EE4FB47C1CD8}.Debug|x86.ActiveCfg = Debug|Win32
		{42DEBB4E-ECD1-449B-8158-EE4FB47C1CD8}.Debug|x86.Build.0 = Debug|Win32
		{42DEBB4E-ECD1-449B-8158-EE4FB47C1CD8}.Release|x64.ActiveCfg = Release|x64
		{42DEBB4E-ECD1-449B-8158-EE4FB47C1CD8}.Release|x64.Build.0 = Release|x64
		{42DEBB4E-ECD1-449B-8158-EE4FB47C1CD8}.Release|x86.ActiveCfg = Release|Win32
		{42DEBB4E-ECD1-449B-8158-EE4FB47C1CD8}.Release|x86.Build.0 = Release|Win32
		{0BB91DA5-205A-4B1B-B8F6-61E2AE1C0461}.Debug|x64.ActiveCfg = Debug|x64
		{0BB91DA5-205A-4B1B-B8F6-61E2AE1C0461}.Debug|x64.Build.0 = Debug|x64
		{0BB91DA5-205A-4B1B-B8F6-61E2AE1C0461}.Debug|x86.ActiveCfg = Debug|Win32
		{0BB91DA5-205A-4B1B-B8F6-61E2AE1C0461}.Debug|x86.Build.0 = Debug|Win32
		{0BB91DA5-205A-4B1B-B8F6-61E2AE1C0461}.Release|x64.ActiveCfg = Release|x64
		{0BB91DA5-205A-4B1B-B8F6-61E2AE1C0461}.Release|x64.Build.0 = Release|x64
		{0BB91DA5-205A-4B1B-B8F6-61E2AE1C0461}.Release|x86.ActiveCfg = Release|Win32
		{0BB91DA5-205A-4B1B-B8F6-61E2AE1C0461}.Release|x86.Build.0 = Release|Win32
		{7B762C45-E04A-405F-A488-0354AA15F3C0}.Debug|x64.ActiveCfg = Debug|x64
		{7B762C45-E04A-405F-A488-0354AA15F3C0}.Debug|x64.Build.0 = Debug|x64
		{7B762C45-E04A-405F-A488-0354AA15F3C0}.Debug|x86.ActiveCfg = Debug|Win32
		{7B762C45-E04A-405F-A488-0354AA15F3C0}.Debug|x86.Build.0 = Debug|Win32
		{7B762C45-E04A-405F-A488-0354AA15F3C0}.Release|x64.ActiveCfg = Release|x64
		{7B762C45-E04A-405F-A488-0354AA15F3C0}.Release|x64.Build.0 = Release|x64
		{7B762C45-E04A-405F-A488-0354AA15F3C0}.Release|x86.ActiveCfg = Release|Win32
		{7B762C45-E04A-405F-A488-0354AA15F3C0}.Release|x86.Build.0 = Release|Win32
		{54371C00-1EA0-499F-9CBB-8D27474BD8A5}.Debug|x64.ActiveCfg = Debug|x64
		{54371C00-1EA0-499F-9CBB-8D27474BD8A5}.Debug|x64.Build.0 = Debug|x64
		{54371C00-1EA0-499F-9CBB-8D27474BD8A5}.Debug|x86.ActiveCfg = Debug|Win32
		{54371C00-1EA0-499F-9CBB-8D27474BD8A5}.Debug|x86.Build.0 = Debug|Win32
		{54371C00-1EA0-499F-9CBB-8D27474BD8A5}.Release|x64.ActiveCfg = Release|x64
		{54371C00-1EA0-499F-9CBB-8D27474BD8A5}.Release|x64.Build.0 = Release|x64
		{54371C00-1EA0-499F-9CBB-8D27474BD8A5}.Release|x86.ActiveCfg = Release|Win32
		{54371C00-1EA0-499F-9CBB-8D27474BD8A5}.Release|x86.Build.0 = Release|Win32
		{D43AD81C-075C-439B-BC15-CF07042347F2}.Debug|x64.ActiveCfg = Debug|x64
		{D43AD81C-075C-439B-BC15-CF07042347F2}.Debug|x64.Build.0 = Debug|x64
		{D43AD81C-075C-439B-BC15-CF07042347F2}.Debug|x86.ActiveCfg = Debug|Win32
		{D43AD81C-075C-439B-BC15-CF07042347F2}.Debug|x86.Build.0 = Debug|Win32
		{D43AD81C-075C-439B-BC15-CF07042347F2}.Release|x64.ActiveCfg = Release|x64
		{D43AD81C-075C-439B-BC15-CF07042347F2}.Release|x64.Build.0 = Release|x64
		{D43AD81C-075C-439B-BC15-CF07042347F2}.Release|x86.ActiveCfg = Release|Win32
		{D43AD81C-075C-439B-BC15-CF07042347F2}.Release|x86.Build.0 = Release|Win32
		{8E143897-1321-4F94-BDBD-7B864D10E805}.Debug|x64.ActiveCfg = Debug|x64
		{8E143897-1321-4F94-BDBD-7B864D10E805}.Debug|x64.Build.0 = Debug|x64
		{8E143897-1321-4F94-BDBD-7B864D10E805}.Debug|x86.ActiveCfg = Debug|Win32
		{8E143897-1321-4F94-BDBD-7B864D10E805}.Debug|x86.Build.0 = Debug|Win32
		{8E143897-1321-4F94-BDBD-7B864D10E805}.Release|x64.ActiveCfg = Release|x64
		{8E143897-1321-4F94-BDBD-7B864D10E805}.Release|x64.Build.0 = Release|x64
		{8E143897-1321-4F94-BDBD-7B864D10E805}.Release|x86.ActiveCfg = Release|Win32
		{8E143897-1321-4F94-BDBD-7B864D10E805}.Release|x86.Build.0 = Release|Win32
		{990DBBE9-A399-4BF2-AB03-C87AA37FCF7C}.Debug|x64.ActiveCfg = Debug|x64
		{990DBBE9-A399-4BF2-AB03-C87AA37FCF7C}.Debug|x64.Build.0 = Debug|x64
		{990DBBE9-A399-4BF2-AB03-C87AA37FCF7C}.Debug|x86.ActiveCfg = Debug|Win32
		{990DBBE9-A399-4BF2-AB03-C87AA37FCF7C}.Debug|x86.Build.0 = Debug|Win32
		{990DBBE9-A399-4BF2-AB03-C87AA37FCF7C}.Release|x64.ActiveCfg = Release|x64
		{990DBBE9-A399-4BF2-AB03-C87AA37FCF7C}.Release|x64.Build.0 = Release|x64
		{990DBBE9-A399-4BF2-AB03-C87AA37FCF7C}.Release|x86.ActiveCfg = Release|Win32
		{990DBBE9-A399-4BF2-AB03-C87AA37FCF7C}.Release|x86.Build.0 = Release|Win32
		{26A6C7F8-E5D1-447F-9869-A515BF0AF485}.Debug|x64.ActiveCfg = Debug|x64
		{26A6C7F8-E5D1-447F-9869-A515BF0AF485}.Debug|x64.Build.0 = Debug|x64
		{26A6C7F8-E5D1-447F-9869-A515BF0AF485}.Debug|x86.ActiveCfg = Debug|Win32
		{26A6C7F8-E5D1-447F-9869-A515BF0AF485}.Debug|x86.Build.0 = Debug|Win32
		{26A6C7F8-E5D1-447F-9869-A515BF0AF485}.Release|x64.ActiveCfg = Release|x64
		{26A6C7F8-E5D1-447F-9869-A515BF0AF485}.Release|x64.Build.0 = Release|x64
		{26A6C7F8-E5D1-447F-9869-A515BF0AF485}.Release|x86.ActiveCfg = Release|Win32
		{26A6C7F8-E5D1-447F-9869-A515BF0AF485}.Release|x86.Build.0 = Release|Win32
		{EE814DB6-776A-484F-839F-067ED47892EA}.Debug|x64.ActiveCfg = Debug|x64
		{EE814DB6-776A-484F-839F-067ED47892EA}.Debug|x64.Build.0 = Debug|x64
		{EE814DB6-776A-484F-839F-067ED47892EA}.Debug|x86.ActiveCfg = Debug|Win32
		{EE814DB6-776A-484F-839F-067ED47892EA}.Debug|x86.Build.0 = Debug|Win32
		{EE814DB6-776A-484F-839F-067ED47892EA}.Release|x64.ActiveCfg = Release|x64
		{EE814DB6-776A-484F-839F-067ED47892EA}.Release|x64.Build.0 = Release|x64
		{EE814DB6-776A-484F-839F-067ED47892EA}.Release|x86.ActiveCfg = Release|Win32
		{EE814DB6-776A-484F-839F-067ED47892EA}.Release|x86.Build.0 = Release|Win32
		{8100B8BD-5D8B-4133-8860-25782A8378CF}.Debug|x64.ActiveCfg = Debug|x64
		{8100B8BD-5D8B-4133-8860-25782A8378CF}.Debug|x64.Build.0 = Debug|x64
		{8100B8BD-5D8B-4133-8860-25782A8378CF}.Debug|x86.ActiveCfg = Debug|Win32
		{8100B8BD-5D8B-4133-8860-25782A8378CF}.Debug|x86.Build.0 = Debug|Win32
		{8100B8BD-5D8B-4133-8860-25782A8378CF}.Release|x64.ActiveCfg = Release|x64
		{8100B8BD-5D8B-4133-8860-25782A8378CF}.Release|x64.Build.0 = Release|x64
		{8100B8BD-5D8B-4133-8860-25782A8378CF}.Release|x86.ActiveCfg = Release|Win32
		{8100B8BD-5D8B-4133-8860-25782A8378CF}.Release|x86.Build.0 = Release|Win32
		{FE569112-DFFE-46BC-8C92-EC6BA4A0B55A}.Debug|x64.ActiveCfg = Debug|x64
		{FE569112-DFFE-46BC-8C92-EC6BA4A0B55A}.Debug|x64.Build.0 = Debug|x64
		{FE569112-DFFE-46BC-8C92-EC6BA4A0B55A}.Debug|x86.ActiveCfg = Debug|Win32
		{FE569112-DFFE-46BC-8C92-EC6BA4A0B55A}.Debug|x86.Build.0 = Debug|Win32
		{FE569112-DFFE-46BC-8C92-EC6BA4A0B55A}.Release|x64.ActiveCfg = Release|x64
		{FE569112-DFFE-46BC-8C92-EC6BA4A0B55A}.Release|x64.Build.0 = Release|x64
		{FE569112-DFFE-46BC-8C92-EC6BA4A0B55A}.Release|x86.ActiveCfg = Release|Win32
		{FE569112-DFFE-46BC-8C92-EC6BA4A0B55A}.Release|x86.Build.0 = Release|Win32
		{4ACCA290-35E9-4855-84CE-B50869CFE36E}.Debug|x64.ActiveCfg = Debug|x64
		{4ACCA290-35E9-4855-84CE-B50869CFE36E}.Debug|x64.Build.0 = Debug|x64
		{4ACCA290-35E9-4855-84CE-B50869CFE36E}.Debug|x86.ActiveCfg = Debug|Win32
		{4ACCA290-35E9-4855-84CE-B50869CFE36E}.Debug|x86.Build.0 = Debug|Win32
		{4ACCA290-35E9-4855-84CE-B50869CFE36E}.Release|x64.ActiveCfg = Release|x64
		{4ACCA290-35E9-4855-84CE-B50869CFE36E}.Release|x64.Build.0 = Release|x64
		{4ACCA290-35E9-4855-84CE-B50869CFE36E}.Release|x86.ActiveCfg = Release|Win32
		{4ACCA290-35E9-4855-84CE-B50869CFE36E}.Release|x86.Build.0 = Release|Win32
		{D97015F9-71D1-4BC1-9DB0-EAA888E3A31D}.Debug|x64.ActiveCfg = Debug|x64
		{D97015F9-71D1-4BC1-9DB0-EAA888E3A31D}.Debug|x64.Build.0 = Debug|x64
		{D97015F9-71D1-4BC1-9DB0-EAA888E3A31D}.Debug|x86.ActiveCfg = Debug|Win32
		{D97015F9-71D1-4BC1-9DB0-EAA888E3A31D}.Debug|x86.Build.0 = Debug|Win32
		{D97015F9-71D1-4BC1-9DB0-EAA888E3A31D}.Release|x64.ActiveCfg = Release|x64
		{D97015F9-71D1-4BC1-9DB0-EAA888E3A31D}.Release|x64.Build.0 = Release|x64
		{D97015F9-71D1-4BC1-9DB0-EAA888E3A31D}.Release|x86.ActiveCfg = Release|Win32
		{D97015F9-71D1-4BC1-9DB0-EAA888E3A31D}.Release|x86.Build.0 = Release|Win32
		{025C0B07-007C-48F7-8FB0-F40513EB9D49}.Debug|x64.ActiveCfg = Debug|x64
		{025C0B07-007C-48F7-8FB0-F40513EB9D49}.Debug|x64.Build.0 = Debug|x64
		{025C0B07-007C-48F7-8FB0-F40513EB9D49}.Debug|x86.ActiveCfg = Debug|Win32
		{025C0B07-007C-48F7-8FB0-F40513EB9D49}.Debug|x86.Build.0 = Debug|Win32
		{025C0B07-007C-48F7-8FB0-F40513EB9D49}.Release|x64.ActiveCfg = Release|x64
		{025C0B07-007C-48F7-8FB0-F40513EB9D49}.Release|x64.Build.0 = Release|x64
		{025C0B07-007C-48F7-8FB0-F40513EB9D49}.Release|x86.ActiveCfg = Release|Win32
		{025C0B07-007C-48F7-8FB0-F40513EB9D49}.Release|x86.Build.0 = Release|Win32
		{DD0334B8-32C3-4375-A53F-ACEA315697CA}.Debug|x64.ActiveCfg = Debug|x64
		{DD0334B8-32C3-4375-A53F-ACEA315697CA}.Debug|x64.Build.0 = Debug|x64
		{DD0334B8-32C3-4375-A53F-ACEA315697CA}.Debug|x86.ActiveCfg = Debug|Win32
		{DD0334B8-32C3-4375-A53F-ACEA315697CA}.Debug|x86.Build.0 = Debug|Win32
		{DD0334B8-32C3-4375-A53F-ACEA315697CA}.Release|x64.ActiveCfg = Release|x64
		{DD0334B8-32C3-4375-A53F-ACEA315697CA}.Release|x64.Build.0 = Release|x64
		{DD0334B8-32C3-4375-A53F-ACEA315697CA}.Release|x86.ActiveCfg = Release|Win32
		{DD0334B8-32C3-4375-A53F-ACEA315697CA}.Release|x86.Build.0 = Release|Win32
		{E46BBF2C-AB2C-4E1A-BA96-176C0EF20696}.Debug|x64.ActiveCfg = Debug|x64
		{E46BBF2C-AB2C-4E1A-BA96-176C0EF20696}.Debug|x64.Build.0 = Debug|x64
		{E46BBF2C-AB2C-4E1A-BA96-176C0EF20696}.Debug|x86.ActiveCfg = Debug|Win32
		{E46BBF2C-AB2C-4E1A-BA96-176C0EF20696}.Debug|x86.Build.0 = Debug|Win32
		{E46BBF2C-AB2C-4E1A-BA96-176C0EF20696}.Release|x64.ActiveCfg = Release|x64
		{E46BBF2C-AB2C-4E1A-BA96-176C0EF20696}.Release|x64.Build.0 = Release|x64
		{E46BBF2C-AB2C-4E1A-BA96-176C0EF20696}.Release|x86.ActiveCfg = Release|Win32
		{E46BBF2C-AB2C-4E1A-BA96-176C0EF20696}.Release|x86.Build.0 = Release|Win32
		{7AFD1D2A-116B-4C32-83AE-32DF3E2DCA8E}.Debug|x64.ActiveCfg = Debug|x64
		{7AFD1D2A-116B-4C32-83AE-32DF3E2DCA8E}.Debug|x64.Build.0 = Debug|x64
		{7AFD1D2A-116B-4C32-83AE-32DF3E2DCA8E}.Debug|x86.ActiveCfg = Debug|Win32
		{7AFD1D2A-116B-4C32-83AE-32DF3E2DCA8E}.Debug|x86.Build.0 = Debug|Win32
		{7AFD1D2A-116B-4C32-83AE-32DF3E2DCA8E}.Release|x64.ActiveCfg = Release|x64
		{7AFD1D2A-116B-4C32-83AE-32DF3E2DCA8E}.Release|x64.Build.0 = Release|x64
		{7AFD1D2A-116B-4C32-83AE-32DF3E2DCA8E}.Release|x86.ActiveCfg = Release|Win32
		{7AFD1D2A-116B-4C32-83AE-32DF3E2DCA8E}.Release|x86.Build.0 = Release|Win32
		{8160B3E8-5284-44EE-8C77-7E8318CEF18C}.Debug|x64.ActiveCfg = Debug|x64
		{8160B3E8-5284-44EE-8C77-7E8318CEF18C}.Debug|x64.Build.0 = Debug|x64
		{8160B3E8-5284-44EE-8C77-7E8318CEF18C}.Debug|x86.ActiveCfg = Debug|Win32
		{8160B3E8-5284-44EE-8C77-7E8318CEF18C}.Debug|x86.Build.0 = Debug|Win32
		{8160B3E8-5284-44EE-8C77-7E8318CEF18C}.Release|x64.ActiveCfg = Release|x64
		{8160B3E8-5284-44EE-8C77-7E8318CEF18C}.Release|x64.Build.0 = Release|x64
		{8160B3E8-5284-44EE-8C77-7E8318CEF18C}.Release|x86.ActiveCfg = Release|Win32
		{8160B3E8-5284-44EE-8C77-7E8318CEF18C}.Release|x86.Build.0 = Release|Win32
		{F6BFFEC4-CFF4-48D6-9D33-992CD23FD571}.Debug|x64.ActiveCfg = Debug|x64
		{F6BFFEC4-CFF4-48D6-9D33-992CD23FD571}.Debug|x64.Build.0 = Debug|x64
		{F6BFFEC4-CFF4-48D6-9D33-992CD23FD571}.Debug|x86.ActiveCfg = Debug|Win32
		{F6BFFEC4-CFF4-48D6-9D33-992CD23FD571}.Debug|x86.Build.0 = Debug|Win32
		{F6BFFEC4-CFF4-48D6-9D33-992CD23FD571}.Release|x64.ActiveCfg = Release|x64
		{F6BFFEC4-CFF4-48D6-9D33-992CD23FD571}.Release|x64.Build.0 = Release|x64
		{F6BFFEC4-CFF4-48D6-9D33-992CD23FD571}.Release|x86.ActiveCfg = Release|Win32
		{F6BFFEC4-CFF4-48D6-9D33-992CD23FD571}.Release|x86.Build.0 = Release|Win32
		{B68B1AB0-0A0C-4796-8162-857B635855A4}.Debug|x64.ActiveCfg = Debug|x64
		{B68B1AB0-0A0C-4796-8162-857B635855A4}.Debug|x64.Build.0 = Debug|x64
		{B68B1AB0-0A0C-4796-8162-857B635855A4}.Debug|x86.ActiveCfg = Debug|Win32
		{B68B1AB0-0A0C-4796-8162-857B635855A4}.Debug|x86.Build.0 = Debug|Win32
		{B68B1AB0-0A0C-4796-8162-857B635855A4}.Release|x64.ActiveCfg = Release|x64
		{B68B1AB0-0A0C-4796-8162-857B635855A4}.Release|x64.Build.0 = Release|x64
		{B68B1AB0-0A0C-4796-8162-857B635855A4}.Release|x86.ActiveCfg = Release|Win32
		{B68B1AB0-0A0C-4796-8162-857B635855A4}.Release|x86.Build.0 = Release|Win32
		{8D3BEB86-071D-4D37-BFB1-9387C47735E0}.Debug|x64.ActiveCfg = Debug|x64
		{8D3BEB86-071D-4D37-BFB1-9387C47735E0}.Debug|x64.Build.0 = Debug|x64
		{8D3BEB86-071D-4D37-BFB1-9387C47735E0}.Debug|x86.ActiveCfg = Debug|Win32
		{8D3BEB86-071D-4D37-BFB1-9387C47735E0}.Debug|x86.Build.0 = Debug|Win32
		{8D3BEB86-071D-4D37-BFB1-9387C47735E0}.Release|x64.ActiveCfg = Release|x64
		{8D3BEB86-071D-4D37-BFB1-9387C47735E0}.Release|x64.Build.0 = Release|x64
		{8D3BEB86-071D-4D37-BFB1-9387C47735E0}.Release|x86.ActiveCfg = Release|Win32
		{8D3BEB86-071D-4D37-BFB1-9387C47735E0}.Release|x86.Build.0 = Release|Win32
		{6AB133F7-880C-4888-BF2F-37CCA3A1BDF0}.Debug|x64.ActiveCfg = Debug|x64
		{6AB133F7-880C-4888-BF2F-37CCA3A1BDF0}.Debug|x64.Build.0 = Debug|x64
		{6AB133F7-880C-4888-BF2F-37CCA3A1BDF0}.Debug|x86.ActiveCfg = Debug|Win32
		{6AB133F7-880C-4888-BF2F-37CCA3A1BDF0}.Debug|x86.Build.0 = Debug|Win32
		{6AB133F7-880C-4888-BF2F-37CCA3A1BDF0}.Release|x64.ActiveCfg = Release|x64
		{6AB133F7-880C-4888-BF2F-37CCA3A1BDF0}.Release|x64.Build.0 = Release|x64
		{6AB133F7-880C-4888-BF2F-37CCA3A1BDF0}.Release|x86.ActiveCfg = Release|Win32
		{6AB133F7-880C-4888-BF2F-37CCA3A1BDF0}.Release|x86.Build.0 = Release|Win32
		{07CBC95D-8C4D-4486-AF83-FAE707737EF0}.Debug|x64.ActiveCfg = Debug|x64
		{07CBC95D-8C4D-4486-AF83-FAE707737EF0}.Debug|x64.Build.0 = Debug|x64
		{07CBC95D-8C4D-4486-AF83-FAE707737EF0}.Debug|x86.ActiveCfg = Debug|Win32
		{07CBC95D-8C4D-4486-AF83-FAE707737EF0}.Debug|x86.Build.0 = Debug|Win32
		{07CBC95D-8C4D-4486-AF83-FAE707737EF0}.Release|x64.ActiveCfg = Release|x64
		{07CBC95D-8C4D-4486-AF83-FAE707737EF0}.Release|x64.Build.0 = Release|x64
		{07CBC95D-8C4D-4486-AF83-FAE707737EF0}.Release|x86.ActiveCfg = Release|Win32
		{07CBC95D-8C4D-4486-AF83-FAE707737EF0}.Release|x86.Build.0 = Release|Win32
		{0005A83E-72CB-4CCC-AEF5-AB785990E509}.Debug|x64.ActiveCfg = Debug|x64
		{0005A83E-72CB-4CCC-AEF5-AB785990E509}.Debug|x64.Build.0 = Debug|x64
		{0005A83E-72CB-4CCC-AEF5-AB785990E509}.Debug|x86.ActiveCfg = Debug|Win32
		{0005A83E-72CB-4CCC-AEF5-AB785990E509}.Debug|x86.Build.0 = Debug|Win32
		{0005A83E-72CB-4CCC-AEF5-AB785990E509}.Release|x64.ActiveCfg = Release|x64
		{0005A83E-72CB-4CCC-AEF5-AB785990E509}.Release|x64.Build.0 = Release|x64
		{0005A83E-72CB-4CCC-AEF5-AB785990E509}.Release|x86.ActiveCfg = Release|Win32
		{0005A83E-72CB-4CCC-AEF5-AB785990E509}.Release|x86.Build.0 = Release|Win32
		{34D25A80-6C19-4DDB-9A69-08E0D054733F}.Debug|x64.ActiveCfg = Debug|x64
		{34D25A80-6C19-4DDB-9A69-08E0D054733F}.Debug|x64.Build.0 = Debug|x64
		{34D25A80-6C19-4DDB-9A69-08E0D054733F}.Debug|x86.ActiveCfg = Debug|Win32
		{34D25A80-6C19-4DDB-9A69-08E0D054733F}.Debug|x86.Build.0 = Debug|Win32
		{34D25A80-6C19-4DDB-9A69-08E0D054733F}.Release|x64.ActiveCfg = Release|x64
		{34D25A80-6C19-4DDB-9A69-08E0D054733F}.Release|x64.Build.0 = Release|x64
		{34D25A80-6C19-4DDB-9A69-08E0D054733F}.Release|x86.ActiveCfg = Release|Win32
		{34D25A80-6C19-4DDB-9A69-08E0D054733F}.Release|x86.Build.0 = Release|Win32
		{FB1BBC8A-1965-489A-B807-A71D92D720BD}.Debug|x64.ActiveCfg = Debug|x64
		{FB1BBC8A-1965-489A-B807-A71D92D720BD}.Debug|x64.Build.0 = Debug|x64
		{FB1BBC8A-1965-489A-B807-A71D92D720BD}.Debug|x86.ActiveCfg = Debug|Win32
		{FB1BBC8A-1965-489A-B807-A71D92D720BD}.Debug|x86.Build.0 = Debug|Win32
		{FB1BBC8A-1965-489A-B807-A71D92D720BD}.Release|x64.ActiveCfg = Release|x64
		{FB1BBC8A-1965-489A-B807-A71D92D720BD}.Release|x64.Build.0 = Release|x64
		{FB1BBC8A-1965-489A-B807-A71D92D720BD}.Release|x86.ActiveCfg = Release|Win32
		{FB1BBC8A-1965-489A-B807-A71D92D720BD}.Release|x86.Build.0 = Release|Win32
		{B522D008-FAFF-4FEA-98BC-B13EBE800D03}.Debug|x64.ActiveCfg = Debug|x64
		{B522D008-FAFF-4FEA-98BC-B13EBE800D03}.Debug|x64.Build.0 = Debug|x64
		{B522D008-FAFF-4FEA-98BC-B13EBE800D03}.Debug|x86.ActiveCfg = Debug|Win32
		{B522D008-FAFF-4FEA-98BC-B13EBE800D03}.Debug|x86.Build.0 = Debug|Win32
		{B522D008-FAFF-4FEA-98BC-B13EBE800D03}.Release|x64.ActiveCfg = Release|x64
		{B522D008-FAFF-4FEA-98BC-B13EBE800D03}.Release|x64.Build.0 = Release|x64
		{B522D008-FAFF-4FEA-98BC-B13EBE800D03}.Release|x86.ActiveCfg = Release|Win32
		{B522D008-FAFF-4FEA-98BC-B13EBE800D03}.Release|x86.Build.0 = Release|Win32
		{44E5F581-884C-43DB-8584-6B13BA1CCF4C}.Debug|x64.ActiveCfg = Debug|x64
		{44E5F581-884C-43DB-8584-6B13BA1CCF4C}.Debug|x64.Build.0 = Debug|x64
		{44E5F581-884C-43DB-8584-6B13BA1CCF4C}.Debug|x86.ActiveCfg = Debug|Win32
		{44E5F581-884C-43DB-8584-6B13BA1CCF4C}.Debug|x86.Build.0 = Debug|Win32
		{44E5F581-884C-43DB-8584-6B13BA1CCF4C}.Release|x64.ActiveCfg = Release|x64
		{44E5F581-884C-43DB-8584-6B13BA1CCF4C}.Release|x64.Build.0 = Release|x64
		{44E5F581-884C-43DB-8584-6B13BA1CCF4C}.Release|x86.ActiveCfg = Release|Win32
		{44E5F581-884C-43DB-8584-6B13BA1CCF4C}.Release|x86.Build.0 = Release|Win32
		{6060D2CA-ACA8-41B6-A0CB-C24E886C5160}.Debug|x64.ActiveCfg = Debug|x64
		{6060D2CA-ACA8-41B6-A0CB-C24E886C5160}.Debug|x64.Build.0 = Debug|x64
		{6060D2CA-ACA8-41B6-A0CB-C24E886C5160}.Debug|x86.ActiveCfg = Debug|Win32
		{6060D2CA-ACA8-41B6-A0CB-C24E886C5160}.Debug|x86.Build.0 = Debug|Win32
		{6060D2CA-ACA8-41B6-A0CB-C24E886C5160}.Release|x64.ActiveCfg = Release|x64
		{6060D2CA-ACA8-41B6-A0CB-C24E886C5160}.Release|x64.Build.0 = Release|x64
		{6060D2CA-ACA8-41B6-A0CB-C24E886C5160}.Release|x86.ActiveCfg = Release|Win32
		{6060D2CA-ACA8-41B6-A0CB-C24E886C5160}.Release|x86.Build.0 = Release|Win32
		{6DF86740-4DFB-4926-B092-0641F4712812}.Debug|x64.ActiveCfg = Debug|x64
		{6DF86740-4DFB-4926-B092-0641F4712812}.Debug|x64.Build.0 = Debug|x64
		{6DF86740-4DFB-4926-B092-0641F4712812}.Debug|x86.ActiveCfg = Debug|Win32
		{6DF86740-4DFB-4926-B092-0641F4712812}.Debug|x86.Build.0 = Debug|Win32
		{6DF86740-4DFB-4926-B092-0641F4712812}.Release|x64.ActiveCfg = Release|x64
		{6DF86740-4DFB-4926-B092-0641F4712812}.Release|x64.Build.0 = Release|x64
		{6DF86740-4DFB-4926-B092-0641F4712812}.Release|x86.ActiveCfg = Release|Win32
		{6DF86740-4DFB-4926-B092-0641F4712812}.Release|x86.Build.0 = Release|Win32
		{A4F035AF-7A78-49EF-8BBF-274E49C1C6AE}.Debug|x64.ActiveCfg = Debug|x64
		{A4F035AF-7A78-49EF-8BBF-274E49C1C6AE}.Debug|x64.Build.0 = Debug|x64
		{A4F035AF-7A78-49EF-8BBF-274E49C1C6AE}.Debug|x86.ActiveCfg = Debug|Win32
		{A4F035AF-7A78-49EF-8BBF-274E49C1C6AE}.Debug|x86.Build.0 = Debug|Win32
		{A4F035AF-7A78-49EF-8BBF-274E49C1C6AE}.Release|x64.ActiveCfg = Release|x64
		{A4F035AF-7A78-49EF-8BBF-274E49C1C6AE}.Release|x64.Build.0 = Release|x64
		{A4F035AF-7A78-49EF-8BBF-274E49C1C6AE}.Release|x86.ActiveCfg = Release|Win32
		{A4F035AF-7A78-49EF-8BBF-274E49C1C6AE}.Release|x86.Build.0 = Release|Win32
		{C97AA982-989F-4310-9C00-718AF744CADA}.Debug|x64.ActiveCfg = Debug|x64
		{C97AA982-989F-4310-9C00-718AF744CADA}.Debug|x64.Build.0 = Debug|x64
		{C97AA982-989F-4310-9C00-718AF744CADA}.Debug|x86.ActiveCfg = Debug|Win32
		{C97AA982-989F-4310-9C00-718AF744CADA}.Debug|x86.Build.0 = Debug|Win32
		{C97AA982-989F-4310-9C00-718AF744CADA}.Release|x64.ActiveCfg = Release|x64
		{C97AA982-989F-4310-9C00-718AF744CADA}.Release|x64.Build.0 = Release|x64
		{C97AA982-989F-4310-9C00-718AF744CADA}.Release|x86.ActiveCfg = Release|Win32
		{C97AA982-989F-4310-9C00-718AF744CADA}.Release|x86.Build.0 = Release|Win32
		{F2099EF9-2150-4361-BA01-6DF34D424832}.Debug|x64.ActiveCfg = Debug|x64
		{F2099EF9-2150-4361-BA01-6DF34D424832}.Debug|x64.Build.0 = Debug|x64
		{F2099EF9-2150-4361-BA01-6DF34D424832}.Debug|x86.ActiveCfg = Debug|Win32
		{F2099EF9-2150-4361-BA01-6DF34D424832}.Debug|x86.Build.0 = Debug|Win32
		{F2099EF9-2150-4361-BA01-6DF34D424832}.Release|x64.ActiveCfg = Release|x64
		{F2099EF9-2150-4361-BA01-6DF34D424832}.Release|x64.Build.0 = Release|x64
		{F2099EF9-2150-4361-BA01-6DF34D424832}.Release|x86.ActiveCfg = Release|Win32
		{F2099EF9-2150-4361-BA01-6DF34D424832}.Release|x86.Build.0 = Release|Win32
		{AA5FAF21-B20C-4905-931D-677633FC0744}.Debug|x64.ActiveCfg = Debug|x64
		{AA5FAF21-B20C-4905-931D-677633FC0744}.Debug|x64.Build.0 = Debug|x64
		{AA5FAF21-B20C-4905-931D-677633FC0744}.Debug|x86.ActiveCfg = Debug|Win32
		{AA5FAF21-B20C-4905-931D-677633FC0744}.Debug|x86.Build.0 = Debug|Win32
		{AA5FAF21-B20C-4905-931D-677633FC0744}.Release|x64.ActiveCfg = Release|x64
		{AA5FAF21-B20C-4905-931D-677633FC0744}.Release|x64.Build.0 = Release|x64
		{AA5FAF21-B20C-4905-931D-677633FC0744}.Release|x86.ActiveCfg = Release|Win32
		{AA5FAF21-B20C-4905-931D-677633FC0744}.Release|x86.Build.0 = Release|Win32
		{60366168-4137-4776-A4A9-22F43C83F86D}.Debug|x64.ActiveCfg = Debug|x64
		{60366168-4137-4776-A4A9-22F43C83F86D}.Debug|x64.Build.0 = Debug|x64
		{60366168-4137-4776-A4A9-22F43C83F86D}.Debug|x86.ActiveCfg = Debug|Win32
		{60366168-4137-4776-A4A9-22F43C83F86D}.Debug|x86.Build.0 = Debug|Win32
		{60366168-4137-4776-A4A9-22F43C83F86D}.Release|x64.ActiveCfg = Release|x64
		{60366168-4137-4776-A4A9-22F43C83F86D}.Release|x64.Build.0 = Release|x64
		{60366168-4137-4776-A4A9-22F43C83F86D}.Release|x86.ActiveCfg = Release|Win32
		{60366168-4137-4776-A4A9-22F43C83F86D}.Release|x86.Build.0 = Release|Win32
		{FEFEE146-FAC0-40F1-BE31-5EC0AE50044F}.Debug|x64.ActiveCfg = Debug|x64
		{FEFEE146-FAC0-40F1-BE31-5EC0AE50044F}.Debug|x64.Build.0 = Debug|x64
		{FEFEE146-FAC0-40F1-BE31-5EC0AE50044F}.Debug|x86.ActiveCfg = Debug|Win32
		{FEFEE146-FAC0-40F1-BE31-5EC0AE50044F}.Debug|x86.Build.0 = Debug|Win32
		{FEFEE146-FAC0-40F1-BE31-5EC0AE50044F}.Release|x64.ActiveCfg = Release|x64
		{FEFEE146-FAC0-40F1-BE31-5EC0AE50044F}.Release|x64.Build.0 = Release|x64
		{FEFEE146-FAC0-40F1-BE31-5EC0AE50044F}.Release|x86.ActiveCfg = Release|Win32
		{FEFEE146-FAC0-40F1-BE31-5EC0AE50044F}.Release|x86.Build.0 = Release|Win32
		{FB6F805A-77E7-4ED0-A33A-6080EEAA90A4}.Debug|x64.ActiveCfg = Debug|x64
		{FB6F805A-77E7-4ED0-A33A-6080EEAA90A4}.Debug|x64.Build.0 = Debug|x64
		{FB6F805A-77E7-4ED0-A33A-6080EEAA90A4}.Debug|x86.ActiveCfg = Debug|Win32
		{FB6F805A-77E7-4ED0-A33A-6080EEAA90A4}.Debug|x86.Build.0 = Debug|Win32
		{FB6F805A-77E7-4ED0-A33A-6080EEAA90A4}.Release|x64.ActiveCfg = Release|x64
		{FB6F805A-77E7-4ED0-A33A-6080EEAA90A4}.Release|x64.Build.0 = Release|x64
		{FB6F805A-77E7-4ED0-A33A-6080EEAA90A4}.Release|x86.ActiveCfg = Release|Win32
		{FB6F805A-77E7-4ED0-A33A-6080EEAA90A4}.Release|x86.Build.0 = Release|Win32
		{4F2F085F-B1A9-49F9-9363-7E027A16E4FA}.Debug|x64.ActiveCfg = Debug|x64
		{4F2F085F-B1A9-49F9-9363-7E027A16E4FA}.Debug|x64.Build.0 = Debug|x64
		{4F2F085F-B1A9-49F9-9363-7E027A16E4FA}.Debug|x86.ActiveCfg = Debug|Win32
		{4F2F085F-B1A9-49F9-9363-7E027A16E4FA}.Debug|x86.Build.0 = Debug|Win32
		{4F2F085F-B1A9-49F9-9363-7E027A16E4FA}.Release|x64.ActiveCfg = Release|x64
		{4F2F085F-B1A9-49F9-9363-7E027A16E4FA}.Release|x64.Build.0 = Release|x64
		{4F2F085F-B1A9-49F9-9363-7E027A16E4FA}.Release|x86.ActiveCfg = Release|Win32
		{4F2F085F-B1A9-49F9-9363-7E027A16E4FA}.Release|x86.Build.0 = Release|Win32
		{D28FE9FC-94D2-46A1-B789-6C7BBF834AEA}.Debug|x64.ActiveCfg = Debug|x64
		{D28FE9FC-94D2-46A1-B789-6C7BBF834AEA}.Debug|x64.Build.0 = Debug|x64
		{D28FE9FC-94D2-46A1-B789-6C7BBF834AEA}.Debug|x86.ActiveCfg = Debug|Win32
		{D28FE9FC-94D2-46A1-B789-6C7BBF834AEA}.Debug|x86.Build.0 = Debug|Win32
		{D28FE9FC-94D2-46A1-B789-6C7BBF834AEA}.Release|x64.ActiveCfg = Release|x64
		{D28FE9FC-94D2-46A1-B789-6C7BBF834AEA}.Release|x64.Build.0 = Release|x64
		{D28FE9FC-94D2-46A1-B789-6C7BBF834AEA}.Release|x86.ActiveCfg = Release|Win32
		{D28FE9FC-94D2-46A1-B789-6C7BBF834AEA}.Release|x86.Build.0 = Release|Win32
		{4AFF4000-1D62-4013-86AA-64784D9E72A0}.Debug|x64.ActiveCfg = Debug|x64
		{4AFF4000-1D62-4013-86AA-64784D9E72A0}.Debug|x64.Build.0 = Debug|x64
		{4AFF4000-1D62-4013-86AA-64784D9E72A0}.Debug|x86.ActiveCfg = Debug|Win32
		{4AFF4000-1D62-4013-86AA-64784D9E72A0}.Debug|x86.Build.0 = Debug|Win32
		{4AFF4000-1D62-4013-86AA-64784D9E72A0}.Release|x64.ActiveCfg = Release|x64
		{4AFF4000-1D62-4013-86AA-64784D9E72A0}.Release|x64.Build.0 = Release|x64
		{4AFF4000-1D62-4013-86AA-64784D9E72A0}.Release|x86.ActiveCfg = Release|Win32
		{4AFF4000-1D62-4013-86AA-64784D9E72A0}.Release|x86.Build.0 = Release|Win32
		{F0EF1E74-DFAE-4446-9DDC-2B109E2DC524}.Debug|x64.ActiveCfg = Debug|x64
		{F0EF1E74-DFAE-4446-9DDC-2B109E2DC524}.Debug|x64.Build.0 = Debug|x64
		{F0EF1E74-DFAE-4446-9DDC-2B109E2DC524}.Debug|x86.ActiveCfg = Debug|Win32
		{F0EF1E74-DFAE-4446-9DDC-2B109E2DC524}.Debug|x86.Build.0 = Debug|Win32
		{F0EF1E74-DFAE-4446-9DDC-2B109E2DC524}.Release|x64.ActiveCfg = Release|x64
		{F0EF1E74-DFAE-4446-9DDC-2B109E2DC524}.Release|x64.Build.0 = Release|x64
		{F0EF1E74-DFAE-4446-9DDC-2B109E2DC524}.Release|x86.ActiveCfg = Release|Win32
		{F0EF1E74-DFAE-4446-9DDC-2B109E2DC524}.Release|x86.Build.0 = Release|Win32
		{BF361D9D-7F10-43AE-820B-6AE5E20AC274}.Debug|x64.ActiveCfg = Debug|x64
		{BF361D9D-7F10-43AE-820B-6AE5E20AC274}.Debug|x64.Build.0 = Debug|x64
		{BF361D9D-7F10-43AE-820B-6AE5E20AC274}.Debug|x86.ActiveCfg = Debug|Win32
		{BF361D9D-7F10-43AE-820B-6AE5E20AC274}.Debug|x86.Build.0 = Debug|Win32
		{BF361D9D-7F10-43AE-820B-6AE5E20AC274}.Release|x64.ActiveCfg = Release|x64
		{BF361D9D-7F10-43AE-820B-6AE5E20AC274}.Release|x64.Build.0 = Release|x64
		{BF361D9D-7F10-43AE-820B-6AE5E20AC274}.Release|x86.ActiveCfg = Release|Win32
		{BF361D9D-7F10-43AE-820B-6AE5E20AC274}.Release|x86.Build.0 = Release|Win32
		{717557FB-0DA2-4441-A539-A34C5076931A}.Debug|x64.ActiveCfg = Debug|x64
		{717557FB-0DA2-4441-A539-A34C5076931A}.Debug|x64.Build.0 = Debug|x64
		{717557FB-0DA2-4441-A539-A34C5076931A}.Debug|x86.ActiveCfg = Debug|Win32
		{717557FB-0DA2-4441-A539-A34C5076931A}.Debug|x86.Build.0 = Debug|Win32
		{717557FB-0DA2-4441-A539-A34C5076931A}.Release|x64.ActiveCfg = Release|x64
		{717557FB-0DA2-4441-A539-A34C5076931A}.Release|x64.Build.0 = Release|x64
		{717557FB-0DA2-4441-A539-A34C5076931A}.Release|x86.ActiveCfg = Release|Win32
		{717557FB-0DA2-4441-A539-A34C5076931A}.Release|x86.Build.0 = Release|Win32
		{7E5271CF-0E60-45CA-B087-FAAE41887FBA}.Debug|x64.ActiveCfg = Debug|x64
		{7E5271CF-0E60-45CA-B087-FAAE41887FBA}.Debug|x64.Build.0 = Debug|x64
		{7E5271CF-0E60-45CA-B087-FAAE41887FBA}.Debug|x86.ActiveCfg = Debug|Win32
		{7E5271CF-0E60-45CA-B087-FAAE41887FBA}.Debug|x86.Build.0 = Debug|Win32
		{7E5271CF-0E60-45CA-B087-FAAE41887FBA}.Release|x64.ActiveCfg = Release|x64
		{7E5271CF-0E60-45CA-B087-FAAE41887FBA}.Release|x64.Build.0 = Release|x64
		{7E5271CF-0E60-45CA-B087-FAAE41887FBA}.Release|x86.ActiveCfg = Release|Win32
		{7E5271CF-0E60-45CA-B087-FAAE41887FBA}.Release|x86.Build.0 = Release|Win32
		{C1E27687-2B22-4E9D-A17B-7989CF253696}.Debug|x64.ActiveCfg = Debug|x64
		{C1E27687-2B22-4E9D-A17B-7989CF253696}.Debug|x64.Build.0 = Debug|x64
		{C1E27687-2B22-4E9D-A17B-7989CF253696}.Debug|x86.ActiveCfg = Debug|Win32
		{C1E27687-2B22-4E9D-A17B-7989CF253696}.Debug|x86.Build.0 = Debug|Win32
		{C1E27687-2B22-4E9D-A17B-7989CF253696}.Release|x64.ActiveCfg = Release|x64
		{C1E27687-2B22-4E9D-A17B-7989CF253696}.Release|x64.Build.0 = Release|x64
		{C1E27687-2B22-4E9D-A17B-7989CF253696}.Release|x86.ActiveCfg = Release|Win32
		{C1E27687-2B22-4E9D-A17B-7989CF253696}.Release|x86.Build.0 = Release|Win32
		{443ECE09-BA55-49B4-A406-40D38A14ACA2}.Debug|x64.ActiveCfg = Debug|x64
		{443ECE09-BA55-49B4-A406-40D38A14ACA2}.Debug|x64.Build.0 = Debug|x64
		{443ECE09-BA55-49B4-A406-40D38A14ACA2}.Debug|x86.ActiveCfg = Debug|Win32
		{443ECE09-BA55-49B4-A406-40D38A14ACA2}.Debug|x86.Build.0 = Debug|Win32
		{443ECE09-BA55-49B4-A406-40D38A14ACA2}.Release|x64.ActiveCfg = Release|x64
		{443ECE09-BA55-49B4-A406-40D38A14ACA2}.Release|x64.Build.0 = Release|x64
		{443ECE09-BA55-49B4-A406-40D38A14ACA2}.Release|x86.ActiveCfg = Release|Win32
		{443ECE09-BA55-49B4-A406-40D38A14ACA2}.Release|x86.Build.0 = Release|Win32
		{23FAC527-8E93-44C5-B416-C65425CFDA1F}.Debug|x64.ActiveCfg = Debug|x64
		{23FAC527-8E93-44C5-B416-C65425CFDA1F}.Debug|x64.Build.0 = Debug|x64
		{23FAC527-8E93-44C5-B416-C65425CFDA1F}.Debug|x86.ActiveCfg = Debug|Win32
		{23FAC527-8E93-44C5-B416-C65425CFDA1F}.Debug|x86.Build.0 = Debug|Win32
		{23FAC527-8E93-44C5-B416-C65425CFDA1F}.Release|x64.ActiveCfg = Release|x64
		{23FAC527-8E93-44C5-B416-C65425CFDA1F}.Release|x64.Build.0 = Release|x64
		{23FAC527-8E93-44C5-B416-C65425CFDA1F}.Release|x86.ActiveCfg = Release|Win32
		{23FAC527-8E93-44C5-B416-C65425CFDA1F}.Release|x86.Build.0 = Release|Win32
	EndGlobalSection
	GlobalSection(SolutionProperties) = preSolution
		HideSolutionNode = FALSE
	EndGlobalSection
EndGlobal
