
Microsoft Visual Studio Solution File, Format Version 12.00
# Visual Studio Version 17
VisualStudioVersion = 17.12.35728.132
MinimumVisualStudioVersion = 10.0.40219.1
Project("{8BC9CEB8-8B4A-11D0-8D11-00A0C91BC942}") = "000_draft", "000_draft\000_draft.vcxproj", "{BD5CE8FB-684C-4772-AE43-EE080FF0000F}"
EndProject
Project("{8BC9CEB8-8B4A-11D0-8D11-00A0C91BC942}") = "003_switch", "003_switch\003_switch.vcxproj", "{88F6FD1B-9DC5-4E0D-BD58-E1BC0E97396F}"
EndProject
Project("{8BC9CEB8-8B4A-11D0-8D11-00A0C91BC942}") = "004_do_while", "004_do_while\004_do_while.vcxproj", "{E8CFDFF5-953A-49DD-8EDB-73AAC3555655}"
EndProject
Project("{8BC9CEB8-8B4A-11D0-8D11-00A0C91BC942}") = "005_break", "005_break\005_break.vcxproj", "{C46B397E-6729-47B3-89EE-4AFF6A3AA2FC}"
EndProject
Project("{8BC9CEB8-8B4A-11D0-8D11-00A0C91BC942}") = "006_continue", "006_continue\006_continue.vcxproj", "{EC6B2F38-5E20-4A90-90BF-C636D33B7504}"
EndProject
Project("{8BC9CEB8-8B4A-11D0-8D11-00A0C91BC942}") = "007_system_pause", "007_system_pause\007_system_pause.vcxproj", "{557E9CF4-FB0C-468B-9616-EDCF7B68BBA2}"
EndProject
Project("{8BC9CEB8-8B4A-11D0-8D11-00A0C91BC942}") = "008_goto", "008_goto\008_goto.vcxproj", "{9408A60D-1039-4C91-9174-913A223EF8E3}"
EndProject
Project("{8BC9CEB8-8B4A-11D0-8D11-00A0C91BC942}") = "001_setlocale", "001_setlocale\001_setlocale.vcxproj", "{C78945F4-E365-4FD0-833B-8B9458401EC8}"
EndProject
Project("{8BC9CEB8-8B4A-11D0-8D11-00A0C91BC942}") = "002_escape_sequence", "002_escape_sequence\002_escape_sequence.vcxproj", "{4DC1AF82-C921-4B23-B3DB-F7ED451B6386}"
EndProject
Project("{8BC9CEB8-8B4A-11D0-8D11-00A0C91BC942}") = "009_static_array", "009_static_array\009_static_array.vcxproj", "{74723598-B5A1-454A-B14E-D9C4BF72C0F5}"
EndProject
Project("{8BC9CEB8-8B4A-11D0-8D11-00A0C91BC942}") = "010_sizeof", "010_sizeof\010_sizeof.vcxproj", "{F296F3F9-61D3-45B0-B995-2D618C078C27}"
EndProject
Project("{8BC9CEB8-8B4A-11D0-8D11-00A0C91BC942}") = "011_rand", "011_rand\011_rand.vcxproj", "{309801F0-03F0-4D1B-B45E-2CC18367938A}"
EndProject
Project("{8BC9CEB8-8B4A-11D0-8D11-00A0C91BC942}") = "012_ctime", "012_ctime\012_ctime.vcxproj", "{922947F4-57A8-417F-95F1-0EED2B21273F}"
EndProject
Project("{8BC9CEB8-8B4A-11D0-8D11-00A0C91BC942}") = "013_unique_random_numbers", "013_unique_random_numbers\013_unique_random_numbers.vcxproj", "{CFADFF21-071A-48A1-BAD8-AE8EA2264754}"
EndProject
Project("{8BC9CEB8-8B4A-11D0-8D11-00A0C91BC942}") = "014_minimum_number", "014_minimum_number\014_minimum_number.vcxproj", "{A1DAF4A5-70A0-47CF-A649-9165DB759877}"
EndProject
Project("{8BC9CEB8-8B4A-11D0-8D11-00A0C91BC942}") = "015_two_dimensional_array", "015_two_dimensional_array\015_two_dimensional_array.vcxproj", "{E58B4EC1-2347-4B32-A246-588FAA5ACD69}"
EndProject
Project("{8BC9CEB8-8B4A-11D0-8D11-00A0C91BC942}") = "016_global_variable", "016_global_variable\016_global_variable.vcxproj", "{EAC9C5AD-6DC1-4D9D-8117-C618F2484E85}"
EndProject
Project("{8BC9CEB8-8B4A-11D0-8D11-00A0C91BC942}") = "017_default_arguments", "017_default_arguments\017_default_arguments.vcxproj", "{DBDE4DFE-569D-48B2-A016-765F45BCAB03}"
EndProject
Project("{8BC9CEB8-8B4A-11D0-8D11-00A0C91BC942}") = "018_inline", "018_inline\018_inline.vcxproj", "{6D2E6948-3814-406D-A9C6-998C24847B2A}"
EndProject
Project("{8BC9CEB8-8B4A-11D0-8D11-00A0C91BC942}") = "019_function_overloading", "019_function_overloading\019_function_overloading.vcxproj", "{4F014835-CD60-469C-B266-E6D0629795B0}"
EndProject
Project("{8BC9CEB8-8B4A-11D0-8D11-00A0C91BC942}") = "020_function_template", "020_function_template\020_function_template.vcxproj", "{7796D4DF-6260-4E91-9EE0-297BF4E19195}"
EndProject
Project("{8BC9CEB8-8B4A-11D0-8D11-00A0C91BC942}") = "021_recursion", "021_recursion\021_recursion.vcxproj", "{C36B631D-BB5D-4761-B4DD-8124AEAD8FFD}"
EndProject
Project("{8BC9CEB8-8B4A-11D0-8D11-00A0C91BC942}") = "022_pointer", "022_pointer\022_pointer.vcxproj", "{2459997E-D451-435A-BF7E-49DC45A81992}"
EndProject
Project("{8BC9CEB8-8B4A-11D0-8D11-00A0C91BC942}") = "023_reference", "023_reference\023_reference.vcxproj", "{54447A89-281B-45F7-8E9A-5331BFCE4C12}"
EndProject
Project("{8BC9CEB8-8B4A-11D0-8D11-00A0C91BC942}") = "024_new_delete", "024_new_delete\024_new_delete.vcxproj", "{96339163-E4CD-41BD-A342-DF1E721A5FCA}"
EndProject
Project("{8BC9CEB8-8B4A-11D0-8D11-00A0C91BC942}") = "025_nullptr", "025_nullptr\025_nullptr.vcxproj", "{19C3481A-270A-4A4B-91B1-70C70B5EAA04}"
EndProject
Project("{8BC9CEB8-8B4A-11D0-8D11-00A0C91BC942}") = "026_dynamic_array", "026_dynamic_array\026_dynamic_array.vcxproj", "{ECE3B505-1402-41B5-9FE3-C92FECA3E2B6}"
EndProject
Project("{8BC9CEB8-8B4A-11D0-8D11-00A0C91BC942}") = "027_two_dimensional_dynamic_array", "027_two_dimensional_dynamic_array\027_two_dimensional_dynamic_array.vcxproj", "{0823E871-CC0D-4E6B-855D-942FA03F8AFE}"
EndProject
Project("{8BC9CEB8-8B4A-11D0-8D11-00A0C91BC942}") = "028_string", "028_string\028_string.vcxproj", "{42DEBB4E-ECD1-449B-8158-EE4FB47C1CD8}"
EndProject
Project("{8BC9CEB8-8B4A-11D0-8D11-00A0C91BC942}") = "029_define", "029_define\029_define.vcxproj", "{0BB91DA5-205A-4B1B-B8F6-61E2AE1C0461}"
EndProject
Project("{8BC9CEB8-8B4A-11D0-8D11-00A0C91BC942}") = "030_ternary_operator", "030_ternary_operator\030_ternary_operator.vcxproj", "{7B762C45-E04A-405F-A488-0354AA15F3C0}"
EndProject
Project("{8BC9CEB8-8B4A-11D0-8D11-00A0C91BC942}") = "031_main_function", "031_main_function\031_main_function.vcxproj", "{54371C00-1EA0-499F-9CBB-8D27474BD8A5}"
EndProject
Project("{8BC9CEB8-8B4A-11D0-8D11-00A0C91BC942}") = "032_class", "032_class\032_class.vcxproj", "{D43AD81C-075C-439B-BC15-CF07042347F2}"
EndProject
Global
	GlobalSection(SolutionConfigurationPlatforms) = preSolution
		Debug|x64 = Debug|x64
		Debug|x86 = Debug|x86
		Release|x64 = Release|x64
		Release|x86 = Release|x86
	EndGlobalSection
	GlobalSection(ProjectConfigurationPlatforms) = postSolution
		{BD5CE8FB-684C-4772-AE43-EE080FF0000F}.Debug|x64.ActiveCfg = Debug|x64
		{BD5CE8FB-684C-4772-AE43-EE080FF0000F}.Debug|x64.Build.0 = Debug|x64
		{BD5CE8FB-684C-4772-AE43-EE080FF0000F}.Debug|x86.ActiveCfg = Debug|Win32
		{BD5CE8FB-684C-4772-AE43-EE080FF0000F}.Debug|x86.Build.0 = Debug|Win32
		{BD5CE8FB-684C-4772-AE43-EE080FF0000F}.Release|x64.ActiveCfg = Release|x64
		{BD5CE8FB-684C-4772-AE43-EE080FF0000F}.Release|x64.Build.0 = Release|x64
		{BD5CE8FB-684C-4772-AE43-EE080FF0000F}.Release|x86.ActiveCfg = Release|Win32
		{BD5CE8FB-684C-4772-AE43-EE080FF0000F}.Release|x86.Build.0 = Release|Win32
		{88F6FD1B-9DC5-4E0D-BD58-E1BC0E97396F}.Debug|x64.ActiveCfg = Debug|x64
		{88F6FD1B-9DC5-4E0D-BD58-E1BC0E97396F}.Debug|x64.Build.0 = Debug|x64
		{88F6FD1B-9DC5-4E0D-BD58-E1BC0E97396F}.Debug|x86.ActiveCfg = Debug|Win32
		{88F6FD1B-9DC5-4E0D-BD58-E1BC0E97396F}.Debug|x86.Build.0 = Debug|Win32
		{88F6FD1B-9DC5-4E0D-BD58-E1BC0E97396F}.Release|x64.ActiveCfg = Release|x64
		{88F6FD1B-9DC5-4E0D-BD58-E1BC0E97396F}.Release|x64.Build.0 = Release|x64
		{88F6FD1B-9DC5-4E0D-BD58-E1BC0E97396F}.Release|x86.ActiveCfg = Release|Win32
		{88F6FD1B-9DC5-4E0D-BD58-E1BC0E97396F}.Release|x86.Build.0 = Release|Win32
		{E8CFDFF5-953A-49DD-8EDB-73AAC3555655}.Debug|x64.ActiveCfg = Debug|x64
		{E8CFDFF5-953A-49DD-8EDB-73AAC3555655}.Debug|x64.Build.0 = Debug|x64
		{E8CFDFF5-953A-49DD-8EDB-73AAC3555655}.Debug|x86.ActiveCfg = Debug|Win32
		{E8CFDFF5-953A-49DD-8EDB-73AAC3555655}.Debug|x86.Build.0 = Debug|Win32
		{E8CFDFF5-953A-49DD-8EDB-73AAC3555655}.Release|x64.ActiveCfg = Release|x64
		{E8CFDFF5-953A-49DD-8EDB-73AAC3555655}.Release|x64.Build.0 = Release|x64
		{E8CFDFF5-953A-49DD-8EDB-73AAC3555655}.Release|x86.ActiveCfg = Release|Win32
		{E8CFDFF5-953A-49DD-8EDB-73AAC3555655}.Release|x86.Build.0 = Release|Win32
		{C46B397E-6729-47B3-89EE-4AFF6A3AA2FC}.Debug|x64.ActiveCfg = Debug|x64
		{C46B397E-6729-47B3-89EE-4AFF6A3AA2FC}.Debug|x64.Build.0 = Debug|x64
		{C46B397E-6729-47B3-89EE-4AFF6A3AA2FC}.Debug|x86.ActiveCfg = Debug|Win32
		{C46B397E-6729-47B3-89EE-4AFF6A3AA2FC}.Debug|x86.Build.0 = Debug|Win32
		{C46B397E-6729-47B3-89EE-4AFF6A3AA2FC}.Release|x64.ActiveCfg = Release|x64
		{C46B397E-6729-47B3-89EE-4AFF6A3AA2FC}.Release|x64.Build.0 = Release|x64
		{C46B397E-6729-47B3-89EE-4AFF6A3AA2FC}.Release|x86.ActiveCfg = Release|Win32
		{C46B397E-6729-47B3-89EE-4AFF6A3AA2FC}.Release|x86.Build.0 = Release|Win32
		{EC6B2F38-5E20-4A90-90BF-C636D33B7504}.Debug|x64.ActiveCfg = Debug|x64
		{EC6B2F38-5E20-4A90-90BF-C636D33B7504}.Debug|x64.Build.0 = Debug|x64
		{EC6B2F38-5E20-4A90-90BF-C636D33B7504}.Debug|x86.ActiveCfg = Debug|Win32
		{EC6B2F38-5E20-4A90-90BF-C636D33B7504}.Debug|x86.Build.0 = Debug|Win32
		{EC6B2F38-5E20-4A90-90BF-C636D33B7504}.Release|x64.ActiveCfg = Release|x64
		{EC6B2F38-5E20-4A90-90BF-C636D33B7504}.Release|x64.Build.0 = Release|x64
		{EC6B2F38-5E20-4A90-90BF-C636D33B7504}.Release|x86.ActiveCfg = Release|Win32
		{EC6B2F38-5E20-4A90-90BF-C636D33B7504}.Release|x86.Build.0 = Release|Win32
		{557E9CF4-FB0C-468B-9616-EDCF7B68BBA2}.Debug|x64.ActiveCfg = Debug|x64
		{557E9CF4-FB0C-468B-9616-EDCF7B68BBA2}.Debug|x64.Build.0 = Debug|x64
		{557E9CF4-FB0C-468B-9616-EDCF7B68BBA2}.Debug|x86.ActiveCfg = Debug|Win32
		{557E9CF4-FB0C-468B-9616-EDCF7B68BBA2}.Debug|x86.Build.0 = Debug|Win32
		{557E9CF4-FB0C-468B-9616-EDCF7B68BBA2}.Release|x64.ActiveCfg = Release|x64
		{557E9CF4-FB0C-468B-9616-EDCF7B68BBA2}.Release|x64.Build.0 = Release|x64
		{557E9CF4-FB0C-468B-9616-EDCF7B68BBA2}.Release|x86.ActiveCfg = Release|Win32
		{557E9CF4-FB0C-468B-9616-EDCF7B68BBA2}.Release|x86.Build.0 = Release|Win32
		{9408A60D-1039-4C91-9174-913A223EF8E3}.Debug|x64.ActiveCfg = Debug|x64
		{9408A60D-1039-4C91-9174-913A223EF8E3}.Debug|x64.Build.0 = Debug|x64
		{9408A60D-1039-4C91-9174-913A223EF8E3}.Debug|x86.ActiveCfg = Debug|Win32
		{9408A60D-1039-4C91-9174-913A223EF8E3}.Debug|x86.Build.0 = Debug|Win32
		{9408A60D-1039-4C91-9174-913A223EF8E3}.Release|x64.ActiveCfg = Release|x64
		{9408A60D-1039-4C91-9174-913A223EF8E3}.Release|x64.Build.0 = Release|x64
		{9408A60D-1039-4C91-9174-913A223EF8E3}.Release|x86.ActiveCfg = Release|Win32
		{9408A60D-1039-4C91-9174-913A223EF8E3}.Release|x86.Build.0 = Release|Win32
		{C78945F4-E365-4FD0-833B-8B9458401EC8}.Debug|x64.ActiveCfg = Debug|x64
		{C78945F4-E365-4FD0-833B-8B9458401EC8}.Debug|x64.Build.0 = Debug|x64
		{C78945F4-E365-4FD0-833B-8B9458401EC8}.Debug|x86.ActiveCfg = Debug|Win32
		{C78945F4-E365-4FD0-833B-8B9458401EC8}.Debug|x86.Build.0 = Debug|Win32
		{C78945F4-E365-4FD0-833B-8B9458401EC8}.Release|x64.ActiveCfg = Release|x64
		{C78945F4-E365-4FD0-833B-8B9458401EC8}.Release|x64.Build.0 = Release|x64
		{C78945F4-E365-4FD0-833B-8B9458401EC8}.Release|x86.ActiveCfg = Release|Win32
		{C78945F4-E365-4FD0-833B-8B9458401EC8}.Release|x86.Build.0 = Release|Win32
		{4DC1AF82-C921-4B23-B3DB-F7ED451B6386}.Debug|x64.ActiveCfg = Debug|x64
		{4DC1AF82-C921-4B23-B3DB-F7ED451B6386}.Debug|x64.Build.0 = Debug|x64
		{4DC1AF82-C921-4B23-B3DB-F7ED451B6386}.Debug|x86.ActiveCfg = Debug|Win32
		{4DC1AF82-C921-4B23-B3DB-F7ED451B6386}.Debug|x86.Build.0 = Debug|Win32
		{4DC1AF82-C921-4B23-B3DB-F7ED451B6386}.Release|x64.ActiveCfg = Release|x64
		{4DC1AF82-C921-4B23-B3DB-F7ED451B6386}.Release|x64.Build.0 = Release|x64
		{4DC1AF82-C921-4B23-B3DB-F7ED451B6386}.Release|x86.ActiveCfg = Release|Win32
		{4DC1AF82-C921-4B23-B3DB-F7ED451B6386}.Release|x86.Build.0 = Release|Win32
		{74723598-B5A1-454A-B14E-D9C4BF72C0F5}.Debug|x64.ActiveCfg = Debug|x64
		{74723598-B5A1-454A-B14E-D9C4BF72C0F5}.Debug|x64.Build.0 = Debug|x64
		{74723598-B5A1-454A-B14E-D9C4BF72C0F5}.Debug|x86.ActiveCfg = Debug|Win32
		{74723598-B5A1-454A-B14E-D9C4BF72C0F5}.Debug|x86.Build.0 = Debug|Win32
		{74723598-B5A1-454A-B14E-D9C4BF72C0F5}.Release|x64.ActiveCfg = Release|x64
		{74723598-B5A1-454A-B14E-D9C4BF72C0F5}.Release|x64.Build.0 = Release|x64
		{74723598-B5A1-454A-B14E-D9C4BF72C0F5}.Release|x86.ActiveCfg = Release|Win32
		{74723598-B5A1-454A-B14E-D9C4BF72C0F5}.Release|x86.Build.0 = Release|Win32
		{F296F3F9-61D3-45B0-B995-2D618C078C27}.Debug|x64.ActiveCfg = Debug|x64
		{F296F3F9-61D3-45B0-B995-2D618C078C27}.Debug|x64.Build.0 = Debug|x64
		{F296F3F9-61D3-45B0-B995-2D618C078C27}.Debug|x86.ActiveCfg = Debug|Win32
		{F296F3F9-61D3-45B0-B995-2D618C078C27}.Debug|x86.Build.0 = Debug|Win32
		{F296F3F9-61D3-45B0-B995-2D618C078C27}.Release|x64.ActiveCfg = Release|x64
		{F296F3F9-61D3-45B0-B995-2D618C078C27}.Release|x64.Build.0 = Release|x64
		{F296F3F9-61D3-45B0-B995-2D618C078C27}.Release|x86.ActiveCfg = Release|Win32
		{F296F3F9-61D3-45B0-B995-2D618C078C27}.Release|x86.Build.0 = Release|Win32
		{309801F0-03F0-4D1B-B45E-2CC18367938A}.Debug|x64.ActiveCfg = Debug|x64
		{309801F0-03F0-4D1B-B45E-2CC18367938A}.Debug|x64.Build.0 = Debug|x64
		{309801F0-03F0-4D1B-B45E-2CC18367938A}.Debug|x86.ActiveCfg = Debug|Win32
		{309801F0-03F0-4D1B-B45E-2CC18367938A}.Debug|x86.Build.0 = Debug|Win32
		{309801F0-03F0-4D1B-B45E-2CC18367938A}.Release|x64.ActiveCfg = Release|x64
		{309801F0-03F0-4D1B-B45E-2CC18367938A}.Release|x64.Build.0 = Release|x64
		{309801F0-03F0-4D1B-B45E-2CC18367938A}.Release|x86.ActiveCfg = Release|Win32
		{309801F0-03F0-4D1B-B45E-2CC18367938A}.Release|x86.Build.0 = Release|Win32
		{922947F4-57A8-417F-95F1-0EED2B21273F}.Debug|x64.ActiveCfg = Debug|x64
		{922947F4-57A8-417F-95F1-0EED2B21273F}.Debug|x64.Build.0 = Debug|x64
		{922947F4-57A8-417F-95F1-0EED2B21273F}.Debug|x86.ActiveCfg = Debug|Win32
		{922947F4-57A8-417F-95F1-0EED2B21273F}.Debug|x86.Build.0 = Debug|Win32
		{922947F4-57A8-417F-95F1-0EED2B21273F}.Release|x64.ActiveCfg = Release|x64
		{922947F4-57A8-417F-95F1-0EED2B21273F}.Release|x64.Build.0 = Release|x64
		{922947F4-57A8-417F-95F1-0EED2B21273F}.Release|x86.ActiveCfg = Release|Win32
		{922947F4-57A8-417F-95F1-0EED2B21273F}.Release|x86.Build.0 = Release|Win32
		{CFADFF21-071A-48A1-BAD8-AE8EA2264754}.Debug|x64.ActiveCfg = Debug|x64
		{CFADFF21-071A-48A1-BAD8-AE8EA2264754}.Debug|x64.Build.0 = Debug|x64
		{CFADFF21-071A-48A1-BAD8-AE8EA2264754}.Debug|x86.ActiveCfg = Debug|Win32
		{CFADFF21-071A-48A1-BAD8-AE8EA2264754}.Debug|x86.Build.0 = Debug|Win32
		{CFADFF21-071A-48A1-BAD8-AE8EA2264754}.Release|x64.ActiveCfg = Release|x64
		{CFADFF21-071A-48A1-BAD8-AE8EA2264754}.Release|x64.Build.0 = Release|x64
		{CFADFF21-071A-48A1-BAD8-AE8EA2264754}.Release|x86.ActiveCfg = Release|Win32
		{CFADFF21-071A-48A1-BAD8-AE8EA2264754}.Release|x86.Build.0 = Release|Win32
		{A1DAF4A5-70A0-47CF-A649-9165DB759877}.Debug|x64.ActiveCfg = Debug|x64
		{A1DAF4A5-70A0-47CF-A649-9165DB759877}.Debug|x64.Build.0 = Debug|x64
		{A1DAF4A5-70A0-47CF-A649-9165DB759877}.Debug|x86.ActiveCfg = Debug|Win32
		{A1DAF4A5-70A0-47CF-A649-9165DB759877}.Debug|x86.Build.0 = Debug|Win32
		{A1DAF4A5-70A0-47CF-A649-9165DB759877}.Release|x64.ActiveCfg = Release|x64
		{A1DAF4A5-70A0-47CF-A649-9165DB759877}.Release|x64.Build.0 = Release|x64
		{A1DAF4A5-70A0-47CF-A649-9165DB759877}.Release|x86.ActiveCfg = Release|Win32
		{A1DAF4A5-70A0-47CF-A649-9165DB759877}.Release|x86.Build.0 = Release|Win32
		{E58B4EC1-2347-4B32-A246-588FAA5ACD69}.Debug|x64.ActiveCfg = Debug|x64
		{E58B4EC1-2347-4B32-A246-588FAA5ACD69}.Debug|x64.Build.0 = Debug|x64
		{E58B4EC1-2347-4B32-A246-588FAA5ACD69}.Debug|x86.ActiveCfg = Debug|Win32
		{E58B4EC1-2347-4B32-A246-588FAA5ACD69}.Debug|x86.Build.0 = Debug|Win32
		{E58B4EC1-2347-4B32-A246-588FAA5ACD69}.Release|x64.ActiveCfg = Release|x64
		{E58B4EC1-2347-4B32-A246-588FAA5ACD69}.Release|x64.Build.0 = Release|x64
		{E58B4EC1-2347-4B32-A246-588FAA5ACD69}.Release|x86.ActiveCfg = Release|Win32
		{E58B4EC1-2347-4B32-A246-588FAA5ACD69}.Release|x86.Build.0 = Release|Win32
		{EAC9C5AD-6DC1-4D9D-8117-C618F2484E85}.Debug|x64.ActiveCfg = Debug|x64
		{EAC9C5AD-6DC1-4D9D-8117-C618F2484E85}.Debug|x64.Build.0 = Debug|x64
		{EAC9C5AD-6DC1-4D9D-8117-C618F2484E85}.Debug|x86.ActiveCfg = Debug|Win32
		{EAC9C5AD-6DC1-4D9D-8117-C618F2484E85}.Debug|x86.Build.0 = Debug|Win32
		{EAC9C5AD-6DC1-4D9D-8117-C618F2484E85}.Release|x64.ActiveCfg = Release|x64
		{EAC9C5AD-6DC1-4D9D-8117-C618F2484E85}.Release|x64.Build.0 = Release|x64
		{EAC9C5AD-6DC1-4D9D-8117-C618F2484E85}.Release|x86.ActiveCfg = Release|Win32
		{EAC9C5AD-6DC1-4D9D-8117-C618F2484E85}.Release|x86.Build.0 = Release|Win32
		{DBDE4DFE-569D-48B2-A016-765F45BCAB03}.Debug|x64.ActiveCfg = Debug|x64
		{DBDE4DFE-569D-48B2-A016-765F45BCAB03}.Debug|x64.Build.0 = Debug|x64
		{DBDE4DFE-569D-48B2-A016-765F45BCAB03}.Debug|x86.ActiveCfg = Debug|Win32
		{DBDE4DFE-569D-48B2-A016-765F45BCAB03}.Debug|x86.Build.0 = Debug|Win32
		{DBDE4DFE-569D-48B2-A016-765F45BCAB03}.Release|x64.ActiveCfg = Release|x64
		{DBDE4DFE-569D-48B2-A016-765F45BCAB03}.Release|x64.Build.0 = Release|x64
		{DBDE4DFE-569D-48B2-A016-765F45BCAB03}.Release|x86.ActiveCfg = Release|Win32
		{DBDE4DFE-569D-48B2-A016-765F45BCAB03}.Release|x86.Build.0 = Release|Win32
		{6D2E6948-3814-406D-A9C6-998C24847B2A}.Debug|x64.ActiveCfg = Debug|x64
		{6D2E6948-3814-406D-A9C6-998C24847B2A}.Debug|x64.Build.0 = Debug|x64
		{6D2E6948-3814-406D-A9C6-998C24847B2A}.Debug|x86.ActiveCfg = Debug|Win32
		{6D2E6948-3814-406D-A9C6-998C24847B2A}.Debug|x86.Build.0 = Debug|Win32
		{6D2E6948-3814-406D-A9C6-998C24847B2A}.Release|x64.ActiveCfg = Release|x64
		{6D2E6948-3814-406D-A9C6-998C24847B2A}.Release|x64.Build.0 = Release|x64
		{6D2E6948-3814-406D-A9C6-998C24847B2A}.Release|x86.ActiveCfg = Release|Win32
		{6D2E6948-3814-406D-A9C6-998C24847B2A}.Release|x86.Build.0 = Release|Win32
		{4F014835-CD60-469C-B266-E6D0629795B0}.Debug|x64.ActiveCfg = Debug|x64
		{4F014835-CD60-469C-B266-E6D0629795B0}.Debug|x64.Build.0 = Debug|x64
		{4F014835-CD60-469C-B266-E6D0629795B0}.Debug|x86.ActiveCfg = Debug|Win32
		{4F014835-CD60-469C-B266-E6D0629795B0}.Debug|x86.Build.0 = Debug|Win32
		{4F014835-CD60-469C-B266-E6D0629795B0}.Release|x64.ActiveCfg = Release|x64
		{4F014835-CD60-469C-B266-E6D0629795B0}.Release|x64.Build.0 = Release|x64
		{4F014835-CD60-469C-B266-E6D0629795B0}.Release|x86.ActiveCfg = Release|Win32
		{4F014835-CD60-469C-B266-E6D0629795B0}.Release|x86.Build.0 = Release|Win32
		{7796D4DF-6260-4E91-9EE0-297BF4E19195}.Debug|x64.ActiveCfg = Debug|x64
		{7796D4DF-6260-4E91-9EE0-297BF4E19195}.Debug|x64.Build.0 = Debug|x64
		{7796D4DF-6260-4E91-9EE0-297BF4E19195}.Debug|x86.ActiveCfg = Debug|Win32
		{7796D4DF-6260-4E91-9EE0-297BF4E19195}.Debug|x86.Build.0 = Debug|Win32
		{7796D4DF-6260-4E91-9EE0-297BF4E19195}.Release|x64.ActiveCfg = Release|x64
		{7796D4DF-6260-4E91-9EE0-297BF4E19195}.Release|x64.Build.0 = Release|x64
		{7796D4DF-6260-4E91-9EE0-297BF4E19195}.Release|x86.ActiveCfg = Release|Win32
		{7796D4DF-6260-4E91-9EE0-297BF4E19195}.Release|x86.Build.0 = Release|Win32
		{C36B631D-BB5D-4761-B4DD-8124AEAD8FFD}.Debug|x64.ActiveCfg = Debug|x64
		{C36B631D-BB5D-4761-B4DD-8124AEAD8FFD}.Debug|x64.Build.0 = Debug|x64
		{C36B631D-BB5D-4761-B4DD-8124AEAD8FFD}.Debug|x86.ActiveCfg = Debug|Win32
		{C36B631D-BB5D-4761-B4DD-8124AEAD8FFD}.Debug|x86.Build.0 = Debug|Win32
		{C36B631D-BB5D-4761-B4DD-8124AEAD8FFD}.Release|x64.ActiveCfg = Release|x64
		{C36B631D-BB5D-4761-B4DD-8124AEAD8FFD}.Release|x64.Build.0 = Release|x64
		{C36B631D-BB5D-4761-B4DD-8124AEAD8FFD}.Release|x86.ActiveCfg = Release|Win32
		{C36B631D-BB5D-4761-B4DD-8124AEAD8FFD}.Release|x86.Build.0 = Release|Win32
		{2459997E-D451-435A-BF7E-49DC45A81992}.Debug|x64.ActiveCfg = Debug|x64
		{2459997E-D451-435A-BF7E-49DC45A81992}.Debug|x64.Build.0 = Debug|x64
		{2459997E-D451-435A-BF7E-49DC45A81992}.Debug|x86.ActiveCfg = Debug|Win32
		{2459997E-D451-435A-BF7E-49DC45A81992}.Debug|x86.Build.0 = Debug|Win32
		{2459997E-D451-435A-BF7E-49DC45A81992}.Release|x64.ActiveCfg = Release|x64
		{2459997E-D451-435A-BF7E-49DC45A81992}.Release|x64.Build.0 = Release|x64
		{2459997E-D451-435A-BF7E-49DC45A81992}.Release|x86.ActiveCfg = Release|Win32
		{2459997E-D451-435A-BF7E-49DC45A81992}.Release|x86.Build.0 = Release|Win32
		{54447A89-281B-45F7-8E9A-5331BFCE4C12}.Debug|x64.ActiveCfg = Debug|x64
		{54447A89-281B-45F7-8E9A-5331BFCE4C12}.Debug|x64.Build.0 = Debug|x64
		{54447A89-281B-45F7-8E9A-5331BFCE4C12}.Debug|x86.ActiveCfg = Debug|Win32
		{54447A89-281B-45F7-8E9A-5331BFCE4C12}.Debug|x86.Build.0 = Debug|Win32
		{54447A89-281B-45F7-8E9A-5331BFCE4C12}.Release|x64.ActiveCfg = Release|x64
		{54447A89-281B-45F7-8E9A-5331BFCE4C12}.Release|x64.Build.0 = Release|x64
		{54447A89-281B-45F7-8E9A-5331BFCE4C12}.Release|x86.ActiveCfg = Release|Win32
		{54447A89-281B-45F7-8E9A-5331BFCE4C12}.Release|x86.Build.0 = Release|Win32
		{96339163-E4CD-41BD-A342-DF1E721A5FCA}.Debug|x64.ActiveCfg = Debug|x64
		{96339163-E4CD-41BD-A342-DF1E721A5FCA}.Debug|x64.Build.0 = Debug|x64
		{96339163-E4CD-41BD-A342-DF1E721A5FCA}.Debug|x86.ActiveCfg = Debug|Win32
		{96339163-E4CD-41BD-A342-DF1E721A5FCA}.Debug|x86.Build.0 = Debug|Win32
		{96339163-E4CD-41BD-A342-DF1E721A5FCA}.Release|x64.ActiveCfg = Release|x64
		{96339163-E4CD-41BD-A342-DF1E721A5FCA}.Release|x64.Build.0 = Release|x64
		{96339163-E4CD-41BD-A342-DF1E721A5FCA}.Release|x86.ActiveCfg = Release|Win32
		{96339163-E4CD-41BD-A342-DF1E721A5FCA}.Release|x86.Build.0 = Release|Win32
		{19C3481A-270A-4A4B-91B1-70C70B5EAA04}.Debug|x64.ActiveCfg = Debug|x64
		{19C3481A-270A-4A4B-91B1-70C70B5EAA04}.Debug|x64.Build.0 = Debug|x64
		{19C3481A-270A-4A4B-91B1-70C70B5EAA04}.Debug|x86.ActiveCfg = Debug|Win32
		{19C3481A-270A-4A4B-91B1-70C70B5EAA04}.Debug|x86.Build.0 = Debug|Win32
		{19C3481A-270A-4A4B-91B1-70C70B5EAA04}.Release|x64.ActiveCfg = Release|x64
		{19C3481A-270A-4A4B-91B1-70C70B5EAA04}.Release|x64.Build.0 = Release|x64
		{19C3481A-270A-4A4B-91B1-70C70B5EAA04}.Release|x86.ActiveCfg = Release|Win32
		{19C3481A-270A-4A4B-91B1-70C70B5EAA04}.Release|x86.Build.0 = Release|Win32
		{ECE3B505-1402-41B5-9FE3-C92FECA3E2B6}.Debug|x64.ActiveCfg = Debug|x64
		{ECE3B505-1402-41B5-9FE3-C92FECA3E2B6}.Debug|x64.Build.0 = Debug|x64
		{ECE3B505-1402-41B5-9FE3-C92FECA3E2B6}.Debug|x86.ActiveCfg = Debug|Win32
		{ECE3B505-1402-41B5-9FE3-C92FECA3E2B6}.Debug|x86.Build.0 = Debug|Win32
		{ECE3B505-1402-41B5-9FE3-C92FECA3E2B6}.Release|x64.ActiveCfg = Release|x64
		{ECE3B505-1402-41B5-9FE3-C92FECA3E2B6}.Release|x64.Build.0 = Release|x64
		{ECE3B505-1402-41B5-9FE3-C92FECA3E2B6}.Release|x86.ActiveCfg = Release|Win32
		{ECE3B505-1402-41B5-9FE3-C92FECA3E2B6}.Release|x86.Build.0 = Release|Win32
		{0823E871-CC0D-4E6B-855D-942FA03F8AFE}.Debug|x64.ActiveCfg = Debug|x64
		{0823E871-CC0D-4E6B-855D-942FA03F8AFE}.Debug|x64.Build.0 = Debug|x64
		{0823E871-CC0D-4E6B-855D-942FA03F8AFE}.Debug|x86.ActiveCfg = Debug|Win32
		{0823E871-CC0D-4E6B-855D-942FA03F8AFE}.Debug|x86.Build.0 = Debug|Win32
		{0823E871-CC0D-4E6B-855D-942FA03F8AFE}.Release|x64.ActiveCfg = Release|x64
		{0823E871-CC0D-4E6B-855D-942FA03F8AFE}.Release|x64.Build.0 = Release|x64
		{0823E871-CC0D-4E6B-855D-942FA03F8AFE}.Release|x86.ActiveCfg = Release|Win32
		{0823E871-CC0D-4E6B-855D-942FA03F8AFE}.Release|x86.Build.0 = Release|Win32
		{42DEBB4E-ECD1-449B-8158-EE4FB47C1CD8}.Debug|x64.ActiveCfg = Debug|x64
		{42DEBB4E-ECD1-449B-8158-EE4FB47C1CD8}.Debug|x64.Build.0 = Debug|x64
		{42DEBB4E-ECD1-449B-8158-EE4FB47C1CD8}.Debug|x86.ActiveCfg = Debug|Win32
		{42DEBB4E-ECD1-449B-8158-EE4FB47C1CD8}.Debug|x86.Build.0 = Debug|Win32
		{42DEBB4E-ECD1-449B-8158-EE4FB47C1CD8}.Release|x64.ActiveCfg = Release|x64
		{42DEBB4E-ECD1-449B-8158-EE4FB47C1CD8}.Release|x64.Build.0 = Release|x64
		{42DEBB4E-ECD1-449B-8158-EE4FB47C1CD8}.Release|x86.ActiveCfg = Release|Win32
		{42DEBB4E-ECD1-449B-8158-EE4FB47C1CD8}.Release|x86.Build.0 = Release|Win32
		{0BB91DA5-205A-4B1B-B8F6-61E2AE1C0461}.Debug|x64.ActiveCfg = Debug|x64
		{0BB91DA5-205A-4B1B-B8F6-61E2AE1C0461}.Debug|x64.Build.0 = Debug|x64
		{0BB91DA5-205A-4B1B-B8F6-61E2AE1C0461}.Debug|x86.ActiveCfg = Debug|Win32
		{0BB91DA5-205A-4B1B-B8F6-61E2AE1C0461}.Debug|x86.Build.0 = Debug|Win32
		{0BB91DA5-205A-4B1B-B8F6-61E2AE1C0461}.Release|x64.ActiveCfg = Release|x64
		{0BB91DA5-205A-4B1B-B8F6-61E2AE1C0461}.Release|x64.Build.0 = Release|x64
		{0BB91DA5-205A-4B1B-B8F6-61E2AE1C0461}.Release|x86.ActiveCfg = Release|Win32
		{0BB91DA5-205A-4B1B-B8F6-61E2AE1C0461}.Release|x86.Build.0 = Release|Win32
		{7B762C45-E04A-405F-A488-0354AA15F3C0}.Debug|x64.ActiveCfg = Debug|x64
		{7B762C45-E04A-405F-A488-0354AA15F3C0}.Debug|x64.Build.0 = Debug|x64
		{7B762C45-E04A-405F-A488-0354AA15F3C0}.Debug|x86.ActiveCfg = Debug|Win32
		{7B762C45-E04A-405F-A488-0354AA15F3C0}.Debug|x86.Build.0 = Debug|Win32
		{7B762C45-E04A-405F-A488-0354AA15F3C0}.Release|x64.ActiveCfg = Release|x64
		{7B762C45-E04A-405F-A488-0354AA15F3C0}.Release|x64.Build.0 = Release|x64
		{7B762C45-E04A-405F-A488-0354AA15F3C0}.Release|x86.ActiveCfg = Release|Win32
		{7B762C45-E04A-405F-A488-0354AA15F3C0}.Release|x86.Build.0 = Release|Win32
		{54371C00-1EA0-499F-9CBB-8D27474BD8A5}.Debug|x64.ActiveCfg = Debug|x64
		{54371C00-1EA0-499F-9CBB-8D27474BD8A5}.Debug|x64.Build.0 = Debug|x64
		{54371C00-1EA0-499F-9CBB-8D27474BD8A5}.Debug|x86.ActiveCfg = Debug|Win32
		{54371C00-1EA0-499F-9CBB-8D27474BD8A5}.Debug|x86.Build.0 = Debug|Win32
		{54371C00-1EA0-499F-9CBB-8D27474BD8A5}.Release|x64.ActiveCfg = Release|x64
		{54371C00-1EA0-499F-9CBB-8D27474BD8A5}.Release|x64.Build.0 = Release|x64
		{54371C00-1EA0-499F-9CBB-8D27474BD8A5}.Release|x86.ActiveCfg = Release|Win32
		{54371C00-1EA0-499F-9CBB-8D27474BD8A5}.Release|x86.Build.0 = Release|Win32
		{D43AD81C-075C-439B-BC15-CF07042347F2}.Debug|x64.ActiveCfg = Debug|x64
		{D43AD81C-075C-439B-BC15-CF07042347F2}.Debug|x64.Build.0 = Debug|x64
		{D43AD81C-075C-439B-BC15-CF07042347F2}.Debug|x86.ActiveCfg = Debug|Win32
		{D43AD81C-075C-439B-BC15-CF07042347F2}.Debug|x86.Build.0 = Debug|Win32
		{D43AD81C-075C-439B-BC15-CF07042347F2}.Release|x64.ActiveCfg = Release|x64
		{D43AD81C-075C-439B-BC15-CF07042347F2}.Release|x64.Build.0 = Release|x64
		{D43AD81C-075C-439B-BC15-CF07042347F2}.Release|x86.ActiveCfg = Release|Win32
		{D43AD81C-075C-439B-BC15-CF07042347F2}.Release|x86.Build.0 = Release|Win32
	EndGlobalSection
	GlobalSection(SolutionProperties) = preSolution
		HideSolutionNode = FALSE
	EndGlobalSection
EndGlobal
